// !$*UTF8*$!
{
	archiveVersion = 1;
	classes = {
	};
	objectVersion = 55;
	objects = {

/* Begin PBXBuildFile section */
		2992C4E427FDB465008EFFCA /* NavigationBar.swift in Sources */ = {isa = PBXBuildFile; fileRef = 2992C4E327FDB465008EFFCA /* NavigationBar.swift */; };
		2992C4E627FDB489008EFFCA /* SearchView.swift in Sources */ = {isa = PBXBuildFile; fileRef = 2992C4E527FDB489008EFFCA /* SearchView.swift */; };
		2992C4E827FDB4B4008EFFCA /* PostCard.swift in Sources */ = {isa = PBXBuildFile; fileRef = 2992C4E727FDB4B4008EFFCA /* PostCard.swift */; };
		29C4C03327EDDE0A0048D405 /* PostController.swift in Sources */ = {isa = PBXBuildFile; fileRef = 29C4C03227EDDE0A0048D405 /* PostController.swift */; };
		29C4C03527EDE2150048D405 /* CreateView.swift in Sources */ = {isa = PBXBuildFile; fileRef = 29C4C03427EDE2150048D405 /* CreateView.swift */; };
		29C4C03827EF61460048D405 /* PostCodableStruct.swift in Sources */ = {isa = PBXBuildFile; fileRef = 29C4C03727EF61450048D405 /* PostCodableStruct.swift */; };
		55420D2C27ED8A5F001A9AB4 /* DrumsController.swift in Sources */ = {isa = PBXBuildFile; fileRef = 55420D2B27ED8A5F001A9AB4 /* DrumsController.swift */; };
		555E647527FD67F900C449BC /* RecordController.swift in Sources */ = {isa = PBXBuildFile; fileRef = 555E647427FD67F900C449BC /* RecordController.swift */; };
		555E647727FD69A400C449BC /* RecordView.swift in Sources */ = {isa = PBXBuildFile; fileRef = 555E647627FD69A400C449BC /* RecordView.swift */; };
		555E647B27FE910900C449BC /* AudioEngineController.swift in Sources */ = {isa = PBXBuildFile; fileRef = 555E647A27FE910900C449BC /* AudioEngineController.swift */; };
		555E647F280664B100C449BC /* WebRTCDictionaryController.swift in Sources */ = {isa = PBXBuildFile; fileRef = 555E647E280664B100C449BC /* WebRTCDictionaryController.swift */; };
		55B98BF027E83E1D0057F168 /* studion_application_swiftUIApp.swift in Sources */ = {isa = PBXBuildFile; fileRef = 55B98BEF27E83E1D0057F168 /* studion_application_swiftUIApp.swift */; };
		55B98BF227E83E1D0057F168 /* ContentView.swift in Sources */ = {isa = PBXBuildFile; fileRef = 55B98BF127E83E1D0057F168 /* ContentView.swift */; };
		55B98BF427E83E1D0057F168 /* Assets.xcassets in Resources */ = {isa = PBXBuildFile; fileRef = 55B98BF327E83E1D0057F168 /* Assets.xcassets */; };
		55B98BF727E83E1D0057F168 /* Preview Assets.xcassets in Resources */ = {isa = PBXBuildFile; fileRef = 55B98BF627E83E1D0057F168 /* Preview Assets.xcassets */; };
		55B98C0127E83F260057F168 /* LoginView.swift in Sources */ = {isa = PBXBuildFile; fileRef = 55B98C0027E83F260057F168 /* LoginView.swift */; };
		55B98C0527E857CA0057F168 /* AuthController.swift in Sources */ = {isa = PBXBuildFile; fileRef = 55B98C0427E857CA0057F168 /* AuthController.swift */; };
		55B98C0727E85A460057F168 /* JWTToken.swift in Sources */ = {isa = PBXBuildFile; fileRef = 55B98C0627E85A460057F168 /* JWTToken.swift */; };
		55B98C0A27E85A6C0057F168 /* SocketIO.swift in Sources */ = {isa = PBXBuildFile; fileRef = 55B98C0927E85A6C0057F168 /* SocketIO.swift */; };
		55B98C0E27E85B090057F168 /* AuthCodableStruct.swift in Sources */ = {isa = PBXBuildFile; fileRef = 55B98C0D27E85B090057F168 /* AuthCodableStruct.swift */; };
		55B98C1027E85B950057F168 /* UserInfo.swift in Sources */ = {isa = PBXBuildFile; fileRef = 55B98C0F27E85B950057F168 /* UserInfo.swift */; };
		55B98C1627E885D60057F168 /* ProgressViewBar.swift in Sources */ = {isa = PBXBuildFile; fileRef = 55B98C1527E885D60057F168 /* ProgressViewBar.swift */; };
		55B98C1827E8895D0057F168 /* ProgressView.swift in Sources */ = {isa = PBXBuildFile; fileRef = 55B98C1727E8895D0057F168 /* ProgressView.swift */; };
		55B98C1A27E88B7F0057F168 /* SplashScreen.swift in Sources */ = {isa = PBXBuildFile; fileRef = 55B98C1927E88B7F0057F168 /* SplashScreen.swift */; };
		55B98C1C27E8BCD20057F168 /* PageRouter.swift in Sources */ = {isa = PBXBuildFile; fileRef = 55B98C1B27E8BCD20057F168 /* PageRouter.swift */; };
		55B98C1E27E8BF4C0057F168 /* RegisterView.swift in Sources */ = {isa = PBXBuildFile; fileRef = 55B98C1D27E8BF4C0057F168 /* RegisterView.swift */; };
		55B98C2127E965DA0057F168 /* MainView.swift in Sources */ = {isa = PBXBuildFile; fileRef = 55B98C2027E965DA0057F168 /* MainView.swift */; };
		55B98C2427E96A0A0057F168 /* PostView.swift in Sources */ = {isa = PBXBuildFile; fileRef = 55B98C2327E96A0A0057F168 /* PostView.swift */; };
		55B98C2727E96F340057F168 /* SettingView.swift in Sources */ = {isa = PBXBuildFile; fileRef = 55B98C2627E96F340057F168 /* SettingView.swift */; };
		55B98C2C27E96F6B0057F168 /* ChatRoomList.swift in Sources */ = {isa = PBXBuildFile; fileRef = 55B98C2B27E96F6B0057F168 /* ChatRoomList.swift */; };
		55B98C3027E96FA40057F168 /* StudionRoomList.swift in Sources */ = {isa = PBXBuildFile; fileRef = 55B98C2F27E96FA40057F168 /* StudionRoomList.swift */; };
		55B98C3427E9EC4C0057F168 /* RoomCodableStruct.swift in Sources */ = {isa = PBXBuildFile; fileRef = 55B98C3327E9EC4C0057F168 /* RoomCodableStruct.swift */; };
		55B98C3627EA98E40057F168 /* RoomCardView.swift in Sources */ = {isa = PBXBuildFile; fileRef = 55B98C3527EA98E40057F168 /* RoomCardView.swift */; };
		55B98C3827EA9C6B0057F168 /* ServerAdress.swift in Sources */ = {isa = PBXBuildFile; fileRef = 55B98C3727EA9C6B0057F168 /* ServerAdress.swift */; };
		55B98C3B27EAA1530057F168 /* RoomListController.swift in Sources */ = {isa = PBXBuildFile; fileRef = 55B98C3A27EAA1530057F168 /* RoomListController.swift */; };
		55B98C3F27EABC9B0057F168 /* RoomCardModalView.swift in Sources */ = {isa = PBXBuildFile; fileRef = 55B98C3E27EABC9B0057F168 /* RoomCardModalView.swift */; };
		55B98C4227EAEDB80057F168 /* WebRTCClient.swift in Sources */ = {isa = PBXBuildFile; fileRef = 55B98C4127EAEDB80057F168 /* WebRTCClient.swift */; };
		55B98C4427EAEE490057F168 /* RoomView.swift in Sources */ = {isa = PBXBuildFile; fileRef = 55B98C4327EAEE490057F168 /* RoomView.swift */; };
		55B98C4D27EBF3750057F168 /* DataChannelCodableStruct.swift in Sources */ = {isa = PBXBuildFile; fileRef = 55B98C4C27EBF3750057F168 /* DataChannelCodableStruct.swift */; };
		55B98C5027EBF5350057F168 /* InstrumentController.swift in Sources */ = {isa = PBXBuildFile; fileRef = 55B98C4F27EBF5350057F168 /* InstrumentController.swift */; };
		55B98C7927EBFDB70057F168 /* hi.wav in Resources */ = {isa = PBXBuildFile; fileRef = 55B98C6C27EBFDB70057F168 /* hi.wav */; };
		55B98C7A27EBFDB70057F168 /* tom2.wav in Resources */ = {isa = PBXBuildFile; fileRef = 55B98C6D27EBFDB70057F168 /* tom2.wav */; };
		55B98C7B27EBFDB70057F168 /* tom3.wav in Resources */ = {isa = PBXBuildFile; fileRef = 55B98C6E27EBFDB70057F168 /* tom3.wav */; };
		55B98C7C27EBFDB70057F168 /* snoff.wav in Resources */ = {isa = PBXBuildFile; fileRef = 55B98C6F27EBFDB70057F168 /* snoff.wav */; };
		55B98C7D27EBFDB70057F168 /* cr.wav in Resources */ = {isa = PBXBuildFile; fileRef = 55B98C7027EBFDB70057F168 /* cr.wav */; };
		55B98C7E27EBFDB70057F168 /* snst.wav in Resources */ = {isa = PBXBuildFile; fileRef = 55B98C7127EBFDB70057F168 /* snst.wav */; };
		55B98C7F27EBFDB70057F168 /* rL.wav in Resources */ = {isa = PBXBuildFile; fileRef = 55B98C7227EBFDB70057F168 /* rL.wav */; };
		55B98C8027EBFDB70057F168 /* song1.mp3 in Resources */ = {isa = PBXBuildFile; fileRef = 55B98C7327EBFDB70057F168 /* song1.mp3 */; };
		55B98C8127EBFDB70057F168 /* sn.wav in Resources */ = {isa = PBXBuildFile; fileRef = 55B98C7427EBFDB70057F168 /* sn.wav */; };
		55B98C8227EBFDB70057F168 /* tom1.wav in Resources */ = {isa = PBXBuildFile; fileRef = 55B98C7527EBFDB70057F168 /* tom1.wav */; };
		55B98C8327EBFDB70057F168 /* rS.wav in Resources */ = {isa = PBXBuildFile; fileRef = 55B98C7627EBFDB70057F168 /* rS.wav */; };
		55B98C8427EBFDB70057F168 /* song2.mp3 in Resources */ = {isa = PBXBuildFile; fileRef = 55B98C7727EBFDB70057F168 /* song2.mp3 */; };
		55B98C8527EBFDB70057F168 /* ki.wav in Resources */ = {isa = PBXBuildFile; fileRef = 55B98C7827EBFDB70057F168 /* ki.wav */; };
		55B98C8727EC08070057F168 /* InstrumentControllerView.swift in Sources */ = {isa = PBXBuildFile; fileRef = 55B98C8627EC08070057F168 /* InstrumentControllerView.swift */; };
		55B98C8A27EC09890057F168 /* DrumView.swift in Sources */ = {isa = PBXBuildFile; fileRef = 55B98C8927EC09890057F168 /* DrumView.swift */; };
		55B98C8C27EC09950057F168 /* PianoView.swift in Sources */ = {isa = PBXBuildFile; fileRef = 55B98C8B27EC09950057F168 /* PianoView.swift */; };
		55B98C8E27EC09A20057F168 /* GuitarView.swift in Sources */ = {isa = PBXBuildFile; fileRef = 55B98C8D27EC09A20057F168 /* GuitarView.swift */; };
		55B98C9127EC782D0057F168 /* LeftBarView.swift in Sources */ = {isa = PBXBuildFile; fileRef = 55B98C9027EC782D0057F168 /* LeftBarView.swift */; };
		55B98C9327EC78970057F168 /* CustomTabView.swift in Sources */ = {isa = PBXBuildFile; fileRef = 55B98C9227EC78970057F168 /* CustomTabView.swift */; };
		55C648FA27F467CB005603A2 /* crBig.wav in Resources */ = {isa = PBXBuildFile; fileRef = 55C648F927F467CB005603A2 /* crBig.wav */; };
		55C648FC27F57B02005603A2 /* UserVolumeStruct.swift in Sources */ = {isa = PBXBuildFile; fileRef = 55C648FB27F57B02005603A2 /* UserVolumeStruct.swift */; };
		55C648FE27F86F42005603A2 /* VolumeController.swift in Sources */ = {isa = PBXBuildFile; fileRef = 55C648FD27F86F42005603A2 /* VolumeController.swift */; };
		55C6493D27FBBC05005603A2 /* piano-ff-049.wav in Resources */ = {isa = PBXBuildFile; fileRef = 55C6490027FBBC04005603A2 /* piano-ff-049.wav */; };
		55C6493E27FBBC05005603A2 /* piano-ff-018.wav in Resources */ = {isa = PBXBuildFile; fileRef = 55C6490127FBBC04005603A2 /* piano-ff-018.wav */; };
		55C6493F27FBBC05005603A2 /* piano-ff-013.wav in Resources */ = {isa = PBXBuildFile; fileRef = 55C6490227FBBC04005603A2 /* piano-ff-013.wav */; };
		55C6494027FBBC05005603A2 /* piano-ff-017.wav in Resources */ = {isa = PBXBuildFile; fileRef = 55C6490327FBBC04005603A2 /* piano-ff-017.wav */; };
		55C6494127FBBC05005603A2 /* piano-ff-053.wav in Resources */ = {isa = PBXBuildFile; fileRef = 55C6490427FBBC04005603A2 /* piano-ff-053.wav */; };
		55C6494227FBBC05005603A2 /* piano-ff-016.wav in Resources */ = {isa = PBXBuildFile; fileRef = 55C6490527FBBC04005603A2 /* piano-ff-016.wav */; };
		55C6494327FBBC05005603A2 /* piano-ff-020.wav in Resources */ = {isa = PBXBuildFile; fileRef = 55C6490627FBBC04005603A2 /* piano-ff-020.wav */; };
		55C6494427FBBC05005603A2 /* piano-ff-060.wav in Resources */ = {isa = PBXBuildFile; fileRef = 55C6490727FBBC04005603A2 /* piano-ff-060.wav */; };
		55C6494527FBBC05005603A2 /* piano-ff-014.wav in Resources */ = {isa = PBXBuildFile; fileRef = 55C6490827FBBC04005603A2 /* piano-ff-014.wav */; };
		55C6494627FBBC05005603A2 /* piano-ff-001.wav in Resources */ = {isa = PBXBuildFile; fileRef = 55C6490927FBBC04005603A2 /* piano-ff-001.wav */; };
		55C6494727FBBC05005603A2 /* piano-ff-007.wav in Resources */ = {isa = PBXBuildFile; fileRef = 55C6490A27FBBC04005603A2 /* piano-ff-007.wav */; };
		55C6494827FBBC05005603A2 /* piano-ff-031.wav in Resources */ = {isa = PBXBuildFile; fileRef = 55C6490B27FBBC04005603A2 /* piano-ff-031.wav */; };
		55C6494927FBBC05005603A2 /* piano-ff-054.wav in Resources */ = {isa = PBXBuildFile; fileRef = 55C6490C27FBBC04005603A2 /* piano-ff-054.wav */; };
		55C6494A27FBBC05005603A2 /* piano-ff-019.wav in Resources */ = {isa = PBXBuildFile; fileRef = 55C6490D27FBBC04005603A2 /* piano-ff-019.wav */; };
		55C6494B27FBBC05005603A2 /* piano-ff-021.wav in Resources */ = {isa = PBXBuildFile; fileRef = 55C6490E27FBBC04005603A2 /* piano-ff-021.wav */; };
		55C6494C27FBBC05005603A2 /* piano-ff-004.wav in Resources */ = {isa = PBXBuildFile; fileRef = 55C6490F27FBBC04005603A2 /* piano-ff-004.wav */; };
		55C6494D27FBBC05005603A2 /* piano-ff-003.wav in Resources */ = {isa = PBXBuildFile; fileRef = 55C6491027FBBC04005603A2 /* piano-ff-003.wav */; };
		55C6494E27FBBC05005603A2 /* piano-ff-047.wav in Resources */ = {isa = PBXBuildFile; fileRef = 55C6491127FBBC04005603A2 /* piano-ff-047.wav */; };
		55C6494F27FBBC05005603A2 /* piano-ff-042.wav in Resources */ = {isa = PBXBuildFile; fileRef = 55C6491227FBBC04005603A2 /* piano-ff-042.wav */; };
		55C6495027FBBC05005603A2 /* piano-ff-010.wav in Resources */ = {isa = PBXBuildFile; fileRef = 55C6491327FBBC04005603A2 /* piano-ff-010.wav */; };
		55C6495127FBBC05005603A2 /* piano-ff-012.wav in Resources */ = {isa = PBXBuildFile; fileRef = 55C6491427FBBC04005603A2 /* piano-ff-012.wav */; };
		55C6495227FBBC05005603A2 /* piano-ff-011.wav in Resources */ = {isa = PBXBuildFile; fileRef = 55C6491527FBBC04005603A2 /* piano-ff-011.wav */; };
		55C6495327FBBC05005603A2 /* piano-ff-055.wav in Resources */ = {isa = PBXBuildFile; fileRef = 55C6491627FBBC04005603A2 /* piano-ff-055.wav */; };
		55C6495427FBBC05005603A2 /* piano-ff-030.wav in Resources */ = {isa = PBXBuildFile; fileRef = 55C6491727FBBC04005603A2 /* piano-ff-030.wav */; };
		55C6495527FBBC05005603A2 /* piano-ff-008.wav in Resources */ = {isa = PBXBuildFile; fileRef = 55C6491827FBBC04005603A2 /* piano-ff-008.wav */; };
		55C6495627FBBC05005603A2 /* piano-ff-028.wav in Resources */ = {isa = PBXBuildFile; fileRef = 55C6491927FBBC04005603A2 /* piano-ff-028.wav */; };
		55C6495727FBBC05005603A2 /* piano-ff-026.wav in Resources */ = {isa = PBXBuildFile; fileRef = 55C6491A27FBBC04005603A2 /* piano-ff-026.wav */; };
		55C6495827FBBC05005603A2 /* piano-ff-046.wav in Resources */ = {isa = PBXBuildFile; fileRef = 55C6491B27FBBC04005603A2 /* piano-ff-046.wav */; };
		55C6495927FBBC05005603A2 /* piano-ff-009.wav in Resources */ = {isa = PBXBuildFile; fileRef = 55C6491C27FBBC04005603A2 /* piano-ff-009.wav */; };
		55C6495A27FBBC05005603A2 /* piano-ff-036.wav in Resources */ = {isa = PBXBuildFile; fileRef = 55C6491D27FBBC04005603A2 /* piano-ff-036.wav */; };
		55C6495B27FBBC05005603A2 /* piano-ff-039.wav in Resources */ = {isa = PBXBuildFile; fileRef = 55C6491E27FBBC04005603A2 /* piano-ff-039.wav */; };
		55C6495C27FBBC05005603A2 /* piano-ff-043.wav in Resources */ = {isa = PBXBuildFile; fileRef = 55C6491F27FBBC04005603A2 /* piano-ff-043.wav */; };
		55C6495D27FBBC05005603A2 /* piano-ff-024.wav in Resources */ = {isa = PBXBuildFile; fileRef = 55C6492027FBBC04005603A2 /* piano-ff-024.wav */; };
		55C6495E27FBBC05005603A2 /* piano-ff-056.wav in Resources */ = {isa = PBXBuildFile; fileRef = 55C6492127FBBC04005603A2 /* piano-ff-056.wav */; };
		55C6495F27FBBC05005603A2 /* piano-ff-022.wav in Resources */ = {isa = PBXBuildFile; fileRef = 55C6492227FBBC04005603A2 /* piano-ff-022.wav */; };
		55C6496027FBBC05005603A2 /* piano-ff-059.wav in Resources */ = {isa = PBXBuildFile; fileRef = 55C6492327FBBC04005603A2 /* piano-ff-059.wav */; };
		55C6496127FBBC05005603A2 /* piano-ff-052.wav in Resources */ = {isa = PBXBuildFile; fileRef = 55C6492427FBBC05005603A2 /* piano-ff-052.wav */; };
		55C6496227FBBC05005603A2 /* piano-ff-002.wav in Resources */ = {isa = PBXBuildFile; fileRef = 55C6492527FBBC05005603A2 /* piano-ff-002.wav */; };
		55C6496327FBBC05005603A2 /* piano-ff-057.wav in Resources */ = {isa = PBXBuildFile; fileRef = 55C6492627FBBC05005603A2 /* piano-ff-057.wav */; };
		55C6496427FBBC05005603A2 /* piano-ff-029.wav in Resources */ = {isa = PBXBuildFile; fileRef = 55C6492727FBBC05005603A2 /* piano-ff-029.wav */; };
		55C6496527FBBC05005603A2 /* piano-ff-050.wav in Resources */ = {isa = PBXBuildFile; fileRef = 55C6492827FBBC05005603A2 /* piano-ff-050.wav */; };
		55C6496627FBBC05005603A2 /* piano-ff-061.wav in Resources */ = {isa = PBXBuildFile; fileRef = 55C6492927FBBC05005603A2 /* piano-ff-061.wav */; };
		55C6496727FBBC05005603A2 /* piano-ff-006.wav in Resources */ = {isa = PBXBuildFile; fileRef = 55C6492A27FBBC05005603A2 /* piano-ff-006.wav */; };
		55C6496827FBBC05005603A2 /* piano-ff-033.wav in Resources */ = {isa = PBXBuildFile; fileRef = 55C6492B27FBBC05005603A2 /* piano-ff-033.wav */; };
		55C6496927FBBC05005603A2 /* piano-ff-040.wav in Resources */ = {isa = PBXBuildFile; fileRef = 55C6492C27FBBC05005603A2 /* piano-ff-040.wav */; };
		55C6496A27FBBC05005603A2 /* piano-ff-034.wav in Resources */ = {isa = PBXBuildFile; fileRef = 55C6492D27FBBC05005603A2 /* piano-ff-034.wav */; };
		55C6496B27FBBC05005603A2 /* piano-ff-041.wav in Resources */ = {isa = PBXBuildFile; fileRef = 55C6492E27FBBC05005603A2 /* piano-ff-041.wav */; };
		55C6496C27FBBC05005603A2 /* piano-ff-035.wav in Resources */ = {isa = PBXBuildFile; fileRef = 55C6492F27FBBC05005603A2 /* piano-ff-035.wav */; };
		55C6496D27FBBC05005603A2 /* piano-ff-048.wav in Resources */ = {isa = PBXBuildFile; fileRef = 55C6493027FBBC05005603A2 /* piano-ff-048.wav */; };
		55C6496E27FBBC05005603A2 /* piano-ff-038.wav in Resources */ = {isa = PBXBuildFile; fileRef = 55C6493127FBBC05005603A2 /* piano-ff-038.wav */; };
		55C6496F27FBBC05005603A2 /* piano-ff-058.wav in Resources */ = {isa = PBXBuildFile; fileRef = 55C6493227FBBC05005603A2 /* piano-ff-058.wav */; };
		55C6497027FBBC05005603A2 /* piano-ff-025.wav in Resources */ = {isa = PBXBuildFile; fileRef = 55C6493327FBBC05005603A2 /* piano-ff-025.wav */; };
		55C6497127FBBC05005603A2 /* piano-ff-045.wav in Resources */ = {isa = PBXBuildFile; fileRef = 55C6493427FBBC05005603A2 /* piano-ff-045.wav */; };
		55C6497227FBBC05005603A2 /* piano-ff-044.wav in Resources */ = {isa = PBXBuildFile; fileRef = 55C6493527FBBC05005603A2 /* piano-ff-044.wav */; };
		55C6497327FBBC05005603A2 /* piano-ff-032.wav in Resources */ = {isa = PBXBuildFile; fileRef = 55C6493627FBBC05005603A2 /* piano-ff-032.wav */; };
		55C6497427FBBC05005603A2 /* piano-ff-027.wav in Resources */ = {isa = PBXBuildFile; fileRef = 55C6493727FBBC05005603A2 /* piano-ff-027.wav */; };
		55C6497527FBBC05005603A2 /* piano-ff-023.wav in Resources */ = {isa = PBXBuildFile; fileRef = 55C6493827FBBC05005603A2 /* piano-ff-023.wav */; };
		55C6497627FBBC05005603A2 /* piano-ff-051.wav in Resources */ = {isa = PBXBuildFile; fileRef = 55C6493927FBBC05005603A2 /* piano-ff-051.wav */; };
		55C6497727FBBC05005603A2 /* piano-ff-015.wav in Resources */ = {isa = PBXBuildFile; fileRef = 55C6493A27FBBC05005603A2 /* piano-ff-015.wav */; };
		55C6497827FBBC05005603A2 /* piano-ff-005.wav in Resources */ = {isa = PBXBuildFile; fileRef = 55C6493B27FBBC05005603A2 /* piano-ff-005.wav */; };
		55C6497927FBBC05005603A2 /* piano-ff-037.wav in Resources */ = {isa = PBXBuildFile; fileRef = 55C6493C27FBBC05005603A2 /* piano-ff-037.wav */; };
		55C6497B27FBBC24005603A2 /* PianoController.swift in Sources */ = {isa = PBXBuildFile; fileRef = 55C6497A27FBBC24005603A2 /* PianoController.swift */; };
		7E274E5CC2545354826F7274 /* Pods_studion_application_swiftUI.framework in Frameworks */ = {isa = PBXBuildFile; fileRef = 577E222D83B2644BB78C7F1E /* Pods_studion_application_swiftUI.framework */; };
/* End PBXBuildFile section */

/* Begin PBXFileReference section */
		2992C4E327FDB465008EFFCA /* NavigationBar.swift */ = {isa = PBXFileReference; lastKnownFileType = sourcecode.swift; path = NavigationBar.swift; sourceTree = "<group>"; };
		2992C4E527FDB489008EFFCA /* SearchView.swift */ = {isa = PBXFileReference; lastKnownFileType = sourcecode.swift; path = SearchView.swift; sourceTree = "<group>"; };
		2992C4E727FDB4B4008EFFCA /* PostCard.swift */ = {isa = PBXFileReference; lastKnownFileType = sourcecode.swift; path = PostCard.swift; sourceTree = "<group>"; };
		29C4C03227EDDE0A0048D405 /* PostController.swift */ = {isa = PBXFileReference; lastKnownFileType = sourcecode.swift; path = PostController.swift; sourceTree = "<group>"; };
		29C4C03427EDE2150048D405 /* CreateView.swift */ = {isa = PBXFileReference; lastKnownFileType = sourcecode.swift; path = CreateView.swift; sourceTree = "<group>"; };
		29C4C03727EF61450048D405 /* PostCodableStruct.swift */ = {isa = PBXFileReference; lastKnownFileType = sourcecode.swift; path = PostCodableStruct.swift; sourceTree = "<group>"; };
		55420D2B27ED8A5F001A9AB4 /* DrumsController.swift */ = {isa = PBXFileReference; lastKnownFileType = sourcecode.swift; path = DrumsController.swift; sourceTree = "<group>"; };
		555E647427FD67F900C449BC /* RecordController.swift */ = {isa = PBXFileReference; lastKnownFileType = sourcecode.swift; path = RecordController.swift; sourceTree = "<group>"; };
		555E647627FD69A400C449BC /* RecordView.swift */ = {isa = PBXFileReference; lastKnownFileType = sourcecode.swift; path = RecordView.swift; sourceTree = "<group>"; };
		555E647A27FE910900C449BC /* AudioEngineController.swift */ = {isa = PBXFileReference; lastKnownFileType = sourcecode.swift; path = AudioEngineController.swift; sourceTree = "<group>"; };
		555E647E280664B100C449BC /* WebRTCDictionaryController.swift */ = {isa = PBXFileReference; lastKnownFileType = sourcecode.swift; path = WebRTCDictionaryController.swift; sourceTree = "<group>"; };
		55B98BEC27E83E1D0057F168 /* studion_application_swiftUI.app */ = {isa = PBXFileReference; explicitFileType = wrapper.application; includeInIndex = 0; path = studion_application_swiftUI.app; sourceTree = BUILT_PRODUCTS_DIR; };
		55B98BEF27E83E1D0057F168 /* studion_application_swiftUIApp.swift */ = {isa = PBXFileReference; lastKnownFileType = sourcecode.swift; path = studion_application_swiftUIApp.swift; sourceTree = "<group>"; };
		55B98BF127E83E1D0057F168 /* ContentView.swift */ = {isa = PBXFileReference; lastKnownFileType = sourcecode.swift; path = ContentView.swift; sourceTree = "<group>"; };
		55B98BF327E83E1D0057F168 /* Assets.xcassets */ = {isa = PBXFileReference; lastKnownFileType = folder.assetcatalog; path = Assets.xcassets; sourceTree = "<group>"; };
		55B98BF627E83E1D0057F168 /* Preview Assets.xcassets */ = {isa = PBXFileReference; lastKnownFileType = folder.assetcatalog; path = "Preview Assets.xcassets"; sourceTree = "<group>"; };
		55B98C0027E83F260057F168 /* LoginView.swift */ = {isa = PBXFileReference; lastKnownFileType = sourcecode.swift; path = LoginView.swift; sourceTree = "<group>"; };
		55B98C0427E857CA0057F168 /* AuthController.swift */ = {isa = PBXFileReference; lastKnownFileType = sourcecode.swift; path = AuthController.swift; sourceTree = "<group>"; };
		55B98C0627E85A460057F168 /* JWTToken.swift */ = {isa = PBXFileReference; lastKnownFileType = sourcecode.swift; path = JWTToken.swift; sourceTree = "<group>"; };
		55B98C0927E85A6C0057F168 /* SocketIO.swift */ = {isa = PBXFileReference; lastKnownFileType = sourcecode.swift; path = SocketIO.swift; sourceTree = "<group>"; };
		55B98C0D27E85B090057F168 /* AuthCodableStruct.swift */ = {isa = PBXFileReference; lastKnownFileType = sourcecode.swift; path = AuthCodableStruct.swift; sourceTree = "<group>"; };
		55B98C0F27E85B950057F168 /* UserInfo.swift */ = {isa = PBXFileReference; lastKnownFileType = sourcecode.swift; path = UserInfo.swift; sourceTree = "<group>"; };
		55B98C1527E885D60057F168 /* ProgressViewBar.swift */ = {isa = PBXFileReference; lastKnownFileType = sourcecode.swift; path = ProgressViewBar.swift; sourceTree = "<group>"; };
		55B98C1727E8895D0057F168 /* ProgressView.swift */ = {isa = PBXFileReference; lastKnownFileType = sourcecode.swift; path = ProgressView.swift; sourceTree = "<group>"; };
		55B98C1927E88B7F0057F168 /* SplashScreen.swift */ = {isa = PBXFileReference; lastKnownFileType = sourcecode.swift; path = SplashScreen.swift; sourceTree = "<group>"; };
		55B98C1B27E8BCD20057F168 /* PageRouter.swift */ = {isa = PBXFileReference; lastKnownFileType = sourcecode.swift; path = PageRouter.swift; sourceTree = "<group>"; };
		55B98C1D27E8BF4C0057F168 /* RegisterView.swift */ = {isa = PBXFileReference; lastKnownFileType = sourcecode.swift; path = RegisterView.swift; sourceTree = "<group>"; };
		55B98C2027E965DA0057F168 /* MainView.swift */ = {isa = PBXFileReference; lastKnownFileType = sourcecode.swift; path = MainView.swift; sourceTree = "<group>"; };
		55B98C2327E96A0A0057F168 /* PostView.swift */ = {isa = PBXFileReference; lastKnownFileType = sourcecode.swift; path = PostView.swift; sourceTree = "<group>"; };
		55B98C2627E96F340057F168 /* SettingView.swift */ = {isa = PBXFileReference; lastKnownFileType = sourcecode.swift; path = SettingView.swift; sourceTree = "<group>"; };
		55B98C2B27E96F6B0057F168 /* ChatRoomList.swift */ = {isa = PBXFileReference; lastKnownFileType = sourcecode.swift; path = ChatRoomList.swift; sourceTree = "<group>"; };
		55B98C2F27E96FA40057F168 /* StudionRoomList.swift */ = {isa = PBXFileReference; lastKnownFileType = sourcecode.swift; path = StudionRoomList.swift; sourceTree = "<group>"; };
		55B98C3327E9EC4C0057F168 /* RoomCodableStruct.swift */ = {isa = PBXFileReference; lastKnownFileType = sourcecode.swift; path = RoomCodableStruct.swift; sourceTree = "<group>"; };
		55B98C3527EA98E40057F168 /* RoomCardView.swift */ = {isa = PBXFileReference; lastKnownFileType = sourcecode.swift; path = RoomCardView.swift; sourceTree = "<group>"; };
		55B98C3727EA9C6B0057F168 /* ServerAdress.swift */ = {isa = PBXFileReference; lastKnownFileType = sourcecode.swift; path = ServerAdress.swift; sourceTree = "<group>"; };
		55B98C3A27EAA1530057F168 /* RoomListController.swift */ = {isa = PBXFileReference; lastKnownFileType = sourcecode.swift; path = RoomListController.swift; sourceTree = "<group>"; };
		55B98C3E27EABC9B0057F168 /* RoomCardModalView.swift */ = {isa = PBXFileReference; lastKnownFileType = sourcecode.swift; path = RoomCardModalView.swift; sourceTree = "<group>"; };
		55B98C4127EAEDB80057F168 /* WebRTCClient.swift */ = {isa = PBXFileReference; lastKnownFileType = sourcecode.swift; path = WebRTCClient.swift; sourceTree = "<group>"; };
		55B98C4327EAEE490057F168 /* RoomView.swift */ = {isa = PBXFileReference; lastKnownFileType = sourcecode.swift; path = RoomView.swift; sourceTree = "<group>"; };
		55B98C4C27EBF3750057F168 /* DataChannelCodableStruct.swift */ = {isa = PBXFileReference; lastKnownFileType = sourcecode.swift; path = DataChannelCodableStruct.swift; sourceTree = "<group>"; };
		55B98C4F27EBF5350057F168 /* InstrumentController.swift */ = {isa = PBXFileReference; lastKnownFileType = sourcecode.swift; path = InstrumentController.swift; sourceTree = "<group>"; };
		55B98C6C27EBFDB70057F168 /* hi.wav */ = {isa = PBXFileReference; lastKnownFileType = audio.wav; name = hi.wav; path = audios/drum/hi.wav; sourceTree = SOURCE_ROOT; };
		55B98C6D27EBFDB70057F168 /* tom2.wav */ = {isa = PBXFileReference; lastKnownFileType = audio.wav; name = tom2.wav; path = audios/drum/tom2.wav; sourceTree = SOURCE_ROOT; };
		55B98C6E27EBFDB70057F168 /* tom3.wav */ = {isa = PBXFileReference; lastKnownFileType = audio.wav; name = tom3.wav; path = audios/drum/tom3.wav; sourceTree = SOURCE_ROOT; };
		55B98C6F27EBFDB70057F168 /* snoff.wav */ = {isa = PBXFileReference; lastKnownFileType = audio.wav; name = snoff.wav; path = audios/drum/snoff.wav; sourceTree = SOURCE_ROOT; };
		55B98C7027EBFDB70057F168 /* cr.wav */ = {isa = PBXFileReference; lastKnownFileType = audio.wav; name = cr.wav; path = audios/drum/cr.wav; sourceTree = SOURCE_ROOT; };
		55B98C7127EBFDB70057F168 /* snst.wav */ = {isa = PBXFileReference; lastKnownFileType = audio.wav; name = snst.wav; path = audios/drum/snst.wav; sourceTree = SOURCE_ROOT; };
		55B98C7227EBFDB70057F168 /* rL.wav */ = {isa = PBXFileReference; lastKnownFileType = audio.wav; name = rL.wav; path = audios/drum/rL.wav; sourceTree = SOURCE_ROOT; };
		55B98C7327EBFDB70057F168 /* song1.mp3 */ = {isa = PBXFileReference; lastKnownFileType = audio.mp3; name = song1.mp3; path = audios/drum/song1.mp3; sourceTree = SOURCE_ROOT; };
		55B98C7427EBFDB70057F168 /* sn.wav */ = {isa = PBXFileReference; lastKnownFileType = audio.wav; name = sn.wav; path = audios/drum/sn.wav; sourceTree = SOURCE_ROOT; };
		55B98C7527EBFDB70057F168 /* tom1.wav */ = {isa = PBXFileReference; lastKnownFileType = audio.wav; name = tom1.wav; path = audios/drum/tom1.wav; sourceTree = SOURCE_ROOT; };
		55B98C7627EBFDB70057F168 /* rS.wav */ = {isa = PBXFileReference; lastKnownFileType = audio.wav; name = rS.wav; path = audios/drum/rS.wav; sourceTree = SOURCE_ROOT; };
		55B98C7727EBFDB70057F168 /* song2.mp3 */ = {isa = PBXFileReference; lastKnownFileType = audio.mp3; name = song2.mp3; path = audios/drum/song2.mp3; sourceTree = SOURCE_ROOT; };
		55B98C7827EBFDB70057F168 /* ki.wav */ = {isa = PBXFileReference; lastKnownFileType = audio.wav; name = ki.wav; path = audios/drum/ki.wav; sourceTree = SOURCE_ROOT; };
		55B98C8627EC08070057F168 /* InstrumentControllerView.swift */ = {isa = PBXFileReference; lastKnownFileType = sourcecode.swift; path = InstrumentControllerView.swift; sourceTree = "<group>"; };
		55B98C8927EC09890057F168 /* DrumView.swift */ = {isa = PBXFileReference; lastKnownFileType = sourcecode.swift; path = DrumView.swift; sourceTree = "<group>"; };
		55B98C8B27EC09950057F168 /* PianoView.swift */ = {isa = PBXFileReference; lastKnownFileType = sourcecode.swift; path = PianoView.swift; sourceTree = "<group>"; };
		55B98C8D27EC09A20057F168 /* GuitarView.swift */ = {isa = PBXFileReference; lastKnownFileType = sourcecode.swift; path = GuitarView.swift; sourceTree = "<group>"; };
		55B98C9027EC782D0057F168 /* LeftBarView.swift */ = {isa = PBXFileReference; lastKnownFileType = sourcecode.swift; path = LeftBarView.swift; sourceTree = "<group>"; };
		55B98C9227EC78970057F168 /* CustomTabView.swift */ = {isa = PBXFileReference; lastKnownFileType = sourcecode.swift; path = CustomTabView.swift; sourceTree = "<group>"; };
		55C648F927F467CB005603A2 /* crBig.wav */ = {isa = PBXFileReference; lastKnownFileType = audio.wav; name = crBig.wav; path = audios/drum/crBig.wav; sourceTree = SOURCE_ROOT; };
		55C648FB27F57B02005603A2 /* UserVolumeStruct.swift */ = {isa = PBXFileReference; lastKnownFileType = sourcecode.swift; path = UserVolumeStruct.swift; sourceTree = "<group>"; };
		55C648FD27F86F42005603A2 /* VolumeController.swift */ = {isa = PBXFileReference; lastKnownFileType = sourcecode.swift; path = VolumeController.swift; sourceTree = "<group>"; };
		55C6490027FBBC04005603A2 /* piano-ff-049.wav */ = {isa = PBXFileReference; lastKnownFileType = audio.wav; name = "piano-ff-049.wav"; path = "audios/piano/piano-ff-049.wav"; sourceTree = SOURCE_ROOT; };
		55C6490127FBBC04005603A2 /* piano-ff-018.wav */ = {isa = PBXFileReference; lastKnownFileType = audio.wav; name = "piano-ff-018.wav"; path = "audios/piano/piano-ff-018.wav"; sourceTree = SOURCE_ROOT; };
		55C6490227FBBC04005603A2 /* piano-ff-013.wav */ = {isa = PBXFileReference; lastKnownFileType = audio.wav; name = "piano-ff-013.wav"; path = "audios/piano/piano-ff-013.wav"; sourceTree = SOURCE_ROOT; };
		55C6490327FBBC04005603A2 /* piano-ff-017.wav */ = {isa = PBXFileReference; lastKnownFileType = audio.wav; name = "piano-ff-017.wav"; path = "audios/piano/piano-ff-017.wav"; sourceTree = SOURCE_ROOT; };
		55C6490427FBBC04005603A2 /* piano-ff-053.wav */ = {isa = PBXFileReference; lastKnownFileType = audio.wav; name = "piano-ff-053.wav"; path = "audios/piano/piano-ff-053.wav"; sourceTree = SOURCE_ROOT; };
		55C6490527FBBC04005603A2 /* piano-ff-016.wav */ = {isa = PBXFileReference; lastKnownFileType = audio.wav; name = "piano-ff-016.wav"; path = "audios/piano/piano-ff-016.wav"; sourceTree = SOURCE_ROOT; };
		55C6490627FBBC04005603A2 /* piano-ff-020.wav */ = {isa = PBXFileReference; lastKnownFileType = audio.wav; name = "piano-ff-020.wav"; path = "audios/piano/piano-ff-020.wav"; sourceTree = SOURCE_ROOT; };
		55C6490727FBBC04005603A2 /* piano-ff-060.wav */ = {isa = PBXFileReference; lastKnownFileType = audio.wav; name = "piano-ff-060.wav"; path = "audios/piano/piano-ff-060.wav"; sourceTree = SOURCE_ROOT; };
		55C6490827FBBC04005603A2 /* piano-ff-014.wav */ = {isa = PBXFileReference; lastKnownFileType = audio.wav; name = "piano-ff-014.wav"; path = "audios/piano/piano-ff-014.wav"; sourceTree = SOURCE_ROOT; };
		55C6490927FBBC04005603A2 /* piano-ff-001.wav */ = {isa = PBXFileReference; lastKnownFileType = audio.wav; name = "piano-ff-001.wav"; path = "audios/piano/piano-ff-001.wav"; sourceTree = SOURCE_ROOT; };
		55C6490A27FBBC04005603A2 /* piano-ff-007.wav */ = {isa = PBXFileReference; lastKnownFileType = audio.wav; name = "piano-ff-007.wav"; path = "audios/piano/piano-ff-007.wav"; sourceTree = SOURCE_ROOT; };
		55C6490B27FBBC04005603A2 /* piano-ff-031.wav */ = {isa = PBXFileReference; lastKnownFileType = audio.wav; name = "piano-ff-031.wav"; path = "audios/piano/piano-ff-031.wav"; sourceTree = SOURCE_ROOT; };
		55C6490C27FBBC04005603A2 /* piano-ff-054.wav */ = {isa = PBXFileReference; lastKnownFileType = audio.wav; name = "piano-ff-054.wav"; path = "audios/piano/piano-ff-054.wav"; sourceTree = SOURCE_ROOT; };
		55C6490D27FBBC04005603A2 /* piano-ff-019.wav */ = {isa = PBXFileReference; lastKnownFileType = audio.wav; name = "piano-ff-019.wav"; path = "audios/piano/piano-ff-019.wav"; sourceTree = SOURCE_ROOT; };
		55C6490E27FBBC04005603A2 /* piano-ff-021.wav */ = {isa = PBXFileReference; lastKnownFileType = audio.wav; name = "piano-ff-021.wav"; path = "audios/piano/piano-ff-021.wav"; sourceTree = SOURCE_ROOT; };
		55C6490F27FBBC04005603A2 /* piano-ff-004.wav */ = {isa = PBXFileReference; lastKnownFileType = audio.wav; name = "piano-ff-004.wav"; path = "audios/piano/piano-ff-004.wav"; sourceTree = SOURCE_ROOT; };
		55C6491027FBBC04005603A2 /* piano-ff-003.wav */ = {isa = PBXFileReference; lastKnownFileType = audio.wav; name = "piano-ff-003.wav"; path = "audios/piano/piano-ff-003.wav"; sourceTree = SOURCE_ROOT; };
		55C6491127FBBC04005603A2 /* piano-ff-047.wav */ = {isa = PBXFileReference; lastKnownFileType = audio.wav; name = "piano-ff-047.wav"; path = "audios/piano/piano-ff-047.wav"; sourceTree = SOURCE_ROOT; };
		55C6491227FBBC04005603A2 /* piano-ff-042.wav */ = {isa = PBXFileReference; lastKnownFileType = audio.wav; name = "piano-ff-042.wav"; path = "audios/piano/piano-ff-042.wav"; sourceTree = SOURCE_ROOT; };
		55C6491327FBBC04005603A2 /* piano-ff-010.wav */ = {isa = PBXFileReference; lastKnownFileType = audio.wav; name = "piano-ff-010.wav"; path = "audios/piano/piano-ff-010.wav"; sourceTree = SOURCE_ROOT; };
		55C6491427FBBC04005603A2 /* piano-ff-012.wav */ = {isa = PBXFileReference; lastKnownFileType = audio.wav; name = "piano-ff-012.wav"; path = "audios/piano/piano-ff-012.wav"; sourceTree = SOURCE_ROOT; };
		55C6491527FBBC04005603A2 /* piano-ff-011.wav */ = {isa = PBXFileReference; lastKnownFileType = audio.wav; name = "piano-ff-011.wav"; path = "audios/piano/piano-ff-011.wav"; sourceTree = SOURCE_ROOT; };
		55C6491627FBBC04005603A2 /* piano-ff-055.wav */ = {isa = PBXFileReference; lastKnownFileType = audio.wav; name = "piano-ff-055.wav"; path = "audios/piano/piano-ff-055.wav"; sourceTree = SOURCE_ROOT; };
		55C6491727FBBC04005603A2 /* piano-ff-030.wav */ = {isa = PBXFileReference; lastKnownFileType = audio.wav; name = "piano-ff-030.wav"; path = "audios/piano/piano-ff-030.wav"; sourceTree = SOURCE_ROOT; };
		55C6491827FBBC04005603A2 /* piano-ff-008.wav */ = {isa = PBXFileReference; lastKnownFileType = audio.wav; name = "piano-ff-008.wav"; path = "audios/piano/piano-ff-008.wav"; sourceTree = SOURCE_ROOT; };
		55C6491927FBBC04005603A2 /* piano-ff-028.wav */ = {isa = PBXFileReference; lastKnownFileType = audio.wav; name = "piano-ff-028.wav"; path = "audios/piano/piano-ff-028.wav"; sourceTree = SOURCE_ROOT; };
		55C6491A27FBBC04005603A2 /* piano-ff-026.wav */ = {isa = PBXFileReference; lastKnownFileType = audio.wav; name = "piano-ff-026.wav"; path = "audios/piano/piano-ff-026.wav"; sourceTree = SOURCE_ROOT; };
		55C6491B27FBBC04005603A2 /* piano-ff-046.wav */ = {isa = PBXFileReference; lastKnownFileType = audio.wav; name = "piano-ff-046.wav"; path = "audios/piano/piano-ff-046.wav"; sourceTree = SOURCE_ROOT; };
		55C6491C27FBBC04005603A2 /* piano-ff-009.wav */ = {isa = PBXFileReference; lastKnownFileType = audio.wav; name = "piano-ff-009.wav"; path = "audios/piano/piano-ff-009.wav"; sourceTree = SOURCE_ROOT; };
		55C6491D27FBBC04005603A2 /* piano-ff-036.wav */ = {isa = PBXFileReference; lastKnownFileType = audio.wav; name = "piano-ff-036.wav"; path = "audios/piano/piano-ff-036.wav"; sourceTree = SOURCE_ROOT; };
		55C6491E27FBBC04005603A2 /* piano-ff-039.wav */ = {isa = PBXFileReference; lastKnownFileType = audio.wav; name = "piano-ff-039.wav"; path = "audios/piano/piano-ff-039.wav"; sourceTree = SOURCE_ROOT; };
		55C6491F27FBBC04005603A2 /* piano-ff-043.wav */ = {isa = PBXFileReference; lastKnownFileType = audio.wav; name = "piano-ff-043.wav"; path = "audios/piano/piano-ff-043.wav"; sourceTree = SOURCE_ROOT; };
		55C6492027FBBC04005603A2 /* piano-ff-024.wav */ = {isa = PBXFileReference; lastKnownFileType = audio.wav; name = "piano-ff-024.wav"; path = "audios/piano/piano-ff-024.wav"; sourceTree = SOURCE_ROOT; };
		55C6492127FBBC04005603A2 /* piano-ff-056.wav */ = {isa = PBXFileReference; lastKnownFileType = audio.wav; name = "piano-ff-056.wav"; path = "audios/piano/piano-ff-056.wav"; sourceTree = SOURCE_ROOT; };
		55C6492227FBBC04005603A2 /* piano-ff-022.wav */ = {isa = PBXFileReference; lastKnownFileType = audio.wav; name = "piano-ff-022.wav"; path = "audios/piano/piano-ff-022.wav"; sourceTree = SOURCE_ROOT; };
		55C6492327FBBC04005603A2 /* piano-ff-059.wav */ = {isa = PBXFileReference; lastKnownFileType = audio.wav; name = "piano-ff-059.wav"; path = "audios/piano/piano-ff-059.wav"; sourceTree = SOURCE_ROOT; };
		55C6492427FBBC05005603A2 /* piano-ff-052.wav */ = {isa = PBXFileReference; lastKnownFileType = audio.wav; name = "piano-ff-052.wav"; path = "audios/piano/piano-ff-052.wav"; sourceTree = SOURCE_ROOT; };
		55C6492527FBBC05005603A2 /* piano-ff-002.wav */ = {isa = PBXFileReference; lastKnownFileType = audio.wav; name = "piano-ff-002.wav"; path = "audios/piano/piano-ff-002.wav"; sourceTree = SOURCE_ROOT; };
		55C6492627FBBC05005603A2 /* piano-ff-057.wav */ = {isa = PBXFileReference; lastKnownFileType = audio.wav; name = "piano-ff-057.wav"; path = "audios/piano/piano-ff-057.wav"; sourceTree = SOURCE_ROOT; };
		55C6492727FBBC05005603A2 /* piano-ff-029.wav */ = {isa = PBXFileReference; lastKnownFileType = audio.wav; name = "piano-ff-029.wav"; path = "audios/piano/piano-ff-029.wav"; sourceTree = SOURCE_ROOT; };
		55C6492827FBBC05005603A2 /* piano-ff-050.wav */ = {isa = PBXFileReference; lastKnownFileType = audio.wav; name = "piano-ff-050.wav"; path = "audios/piano/piano-ff-050.wav"; sourceTree = SOURCE_ROOT; };
		55C6492927FBBC05005603A2 /* piano-ff-061.wav */ = {isa = PBXFileReference; lastKnownFileType = audio.wav; name = "piano-ff-061.wav"; path = "audios/piano/piano-ff-061.wav"; sourceTree = SOURCE_ROOT; };
		55C6492A27FBBC05005603A2 /* piano-ff-006.wav */ = {isa = PBXFileReference; lastKnownFileType = audio.wav; name = "piano-ff-006.wav"; path = "audios/piano/piano-ff-006.wav"; sourceTree = SOURCE_ROOT; };
		55C6492B27FBBC05005603A2 /* piano-ff-033.wav */ = {isa = PBXFileReference; lastKnownFileType = audio.wav; name = "piano-ff-033.wav"; path = "audios/piano/piano-ff-033.wav"; sourceTree = SOURCE_ROOT; };
		55C6492C27FBBC05005603A2 /* piano-ff-040.wav */ = {isa = PBXFileReference; lastKnownFileType = audio.wav; name = "piano-ff-040.wav"; path = "audios/piano/piano-ff-040.wav"; sourceTree = SOURCE_ROOT; };
		55C6492D27FBBC05005603A2 /* piano-ff-034.wav */ = {isa = PBXFileReference; lastKnownFileType = audio.wav; name = "piano-ff-034.wav"; path = "audios/piano/piano-ff-034.wav"; sourceTree = SOURCE_ROOT; };
		55C6492E27FBBC05005603A2 /* piano-ff-041.wav */ = {isa = PBXFileReference; lastKnownFileType = audio.wav; name = "piano-ff-041.wav"; path = "audios/piano/piano-ff-041.wav"; sourceTree = SOURCE_ROOT; };
		55C6492F27FBBC05005603A2 /* piano-ff-035.wav */ = {isa = PBXFileReference; lastKnownFileType = audio.wav; name = "piano-ff-035.wav"; path = "audios/piano/piano-ff-035.wav"; sourceTree = SOURCE_ROOT; };
		55C6493027FBBC05005603A2 /* piano-ff-048.wav */ = {isa = PBXFileReference; lastKnownFileType = audio.wav; name = "piano-ff-048.wav"; path = "audios/piano/piano-ff-048.wav"; sourceTree = SOURCE_ROOT; };
		55C6493127FBBC05005603A2 /* piano-ff-038.wav */ = {isa = PBXFileReference; lastKnownFileType = audio.wav; name = "piano-ff-038.wav"; path = "audios/piano/piano-ff-038.wav"; sourceTree = SOURCE_ROOT; };
		55C6493227FBBC05005603A2 /* piano-ff-058.wav */ = {isa = PBXFileReference; lastKnownFileType = audio.wav; name = "piano-ff-058.wav"; path = "audios/piano/piano-ff-058.wav"; sourceTree = SOURCE_ROOT; };
		55C6493327FBBC05005603A2 /* piano-ff-025.wav */ = {isa = PBXFileReference; lastKnownFileType = audio.wav; name = "piano-ff-025.wav"; path = "audios/piano/piano-ff-025.wav"; sourceTree = SOURCE_ROOT; };
		55C6493427FBBC05005603A2 /* piano-ff-045.wav */ = {isa = PBXFileReference; lastKnownFileType = audio.wav; name = "piano-ff-045.wav"; path = "audios/piano/piano-ff-045.wav"; sourceTree = SOURCE_ROOT; };
		55C6493527FBBC05005603A2 /* piano-ff-044.wav */ = {isa = PBXFileReference; lastKnownFileType = audio.wav; name = "piano-ff-044.wav"; path = "audios/piano/piano-ff-044.wav"; sourceTree = SOURCE_ROOT; };
		55C6493627FBBC05005603A2 /* piano-ff-032.wav */ = {isa = PBXFileReference; lastKnownFileType = audio.wav; name = "piano-ff-032.wav"; path = "audios/piano/piano-ff-032.wav"; sourceTree = SOURCE_ROOT; };
		55C6493727FBBC05005603A2 /* piano-ff-027.wav */ = {isa = PBXFileReference; lastKnownFileType = audio.wav; name = "piano-ff-027.wav"; path = "audios/piano/piano-ff-027.wav"; sourceTree = SOURCE_ROOT; };
		55C6493827FBBC05005603A2 /* piano-ff-023.wav */ = {isa = PBXFileReference; lastKnownFileType = audio.wav; name = "piano-ff-023.wav"; path = "audios/piano/piano-ff-023.wav"; sourceTree = SOURCE_ROOT; };
		55C6493927FBBC05005603A2 /* piano-ff-051.wav */ = {isa = PBXFileReference; lastKnownFileType = audio.wav; name = "piano-ff-051.wav"; path = "audios/piano/piano-ff-051.wav"; sourceTree = SOURCE_ROOT; };
		55C6493A27FBBC05005603A2 /* piano-ff-015.wav */ = {isa = PBXFileReference; lastKnownFileType = audio.wav; name = "piano-ff-015.wav"; path = "audios/piano/piano-ff-015.wav"; sourceTree = SOURCE_ROOT; };
		55C6493B27FBBC05005603A2 /* piano-ff-005.wav */ = {isa = PBXFileReference; lastKnownFileType = audio.wav; name = "piano-ff-005.wav"; path = "audios/piano/piano-ff-005.wav"; sourceTree = SOURCE_ROOT; };
		55C6493C27FBBC05005603A2 /* piano-ff-037.wav */ = {isa = PBXFileReference; lastKnownFileType = audio.wav; name = "piano-ff-037.wav"; path = "audios/piano/piano-ff-037.wav"; sourceTree = SOURCE_ROOT; };
		55C6497A27FBBC24005603A2 /* PianoController.swift */ = {isa = PBXFileReference; lastKnownFileType = sourcecode.swift; path = PianoController.swift; sourceTree = "<group>"; };
		577E222D83B2644BB78C7F1E /* Pods_studion_application_swiftUI.framework */ = {isa = PBXFileReference; explicitFileType = wrapper.framework; includeInIndex = 0; path = Pods_studion_application_swiftUI.framework; sourceTree = BUILT_PRODUCTS_DIR; };
		7E8C3731F8D5A9843C908CC7 /* Pods-studion_application_swiftUI.debug.xcconfig */ = {isa = PBXFileReference; includeInIndex = 1; lastKnownFileType = text.xcconfig; name = "Pods-studion_application_swiftUI.debug.xcconfig"; path = "Target Support Files/Pods-studion_application_swiftUI/Pods-studion_application_swiftUI.debug.xcconfig"; sourceTree = "<group>"; };
		F764A19F6476AACD3B6CA653 /* Pods-studion_application_swiftUI.release.xcconfig */ = {isa = PBXFileReference; includeInIndex = 1; lastKnownFileType = text.xcconfig; name = "Pods-studion_application_swiftUI.release.xcconfig"; path = "Target Support Files/Pods-studion_application_swiftUI/Pods-studion_application_swiftUI.release.xcconfig"; sourceTree = "<group>"; };
/* End PBXFileReference section */

/* Begin PBXFrameworksBuildPhase section */
		55B98BE927E83E1D0057F168 /* Frameworks */ = {
			isa = PBXFrameworksBuildPhase;
			buildActionMask = 2147483647;
			files = (
				7E274E5CC2545354826F7274 /* Pods_studion_application_swiftUI.framework in Frameworks */,
			);
			runOnlyForDeploymentPostprocessing = 0;
		};
/* End PBXFrameworksBuildPhase section */

/* Begin PBXGroup section */
		29C4C03127EDDDF40048D405 /* Post */ = {
			isa = PBXGroup;
			children = (
				29C4C03227EDDE0A0048D405 /* PostController.swift */,
			);
			path = Post;
			sourceTree = "<group>";
		};
		29C4C03627EF612C0048D405 /* Post */ = {
			isa = PBXGroup;
			children = (
				29C4C03727EF61450048D405 /* PostCodableStruct.swift */,
			);
			path = Post;
			sourceTree = "<group>";
		};
		555E647327FD67E700C449BC /* Record */ = {
			isa = PBXGroup;
			children = (
				555E647427FD67F900C449BC /* RecordController.swift */,
			);
			path = Record;
			sourceTree = "<group>";
		};
		55B98BE327E83E1D0057F168 = {
			isa = PBXGroup;
			children = (
				55B98BEE27E83E1D0057F168 /* studion_application_swiftUI */,
				55B98BED27E83E1D0057F168 /* Products */,
				640E38267862658A983A696A /* Pods */,
				655A79E4A55B8107C07D46D9 /* Frameworks */,
			);
			sourceTree = "<group>";
		};
		55B98BED27E83E1D0057F168 /* Products */ = {
			isa = PBXGroup;
			children = (
				55B98BEC27E83E1D0057F168 /* studion_application_swiftUI.app */,
			);
			name = Products;
			sourceTree = "<group>";
		};
		55B98BEE27E83E1D0057F168 /* studion_application_swiftUI */ = {
			isa = PBXGroup;
			children = (
				55B98C0B27E85AC30057F168 /* struct */,
				55B98C0227E8579D0057F168 /* repository */,
				55B98BFD27E83EFE0057F168 /* page */,
				55B98BEF27E83E1D0057F168 /* studion_application_swiftUIApp.swift */,
				55B98BF127E83E1D0057F168 /* ContentView.swift */,
				55B98BF327E83E1D0057F168 /* Assets.xcassets */,
				55B98BF527E83E1D0057F168 /* Preview Content */,
			);
			path = studion_application_swiftUI;
			sourceTree = "<group>";
		};
		55B98BF527E83E1D0057F168 /* Preview Content */ = {
			isa = PBXGroup;
			children = (
				55B98BF627E83E1D0057F168 /* Preview Assets.xcassets */,
			);
			path = "Preview Content";
			sourceTree = "<group>";
		};
		55B98BFD27E83EFE0057F168 /* page */ = {
			isa = PBXGroup;
			children = (
				55B98C2D27E96F8D0057F168 /* Studion */,
				55B98C2827E96F420057F168 /* Chat */,
				55B98C2527E96F270057F168 /* Setting */,
				55B98C2227E969FA0057F168 /* Post */,
				55B98C1F27E965CB0057F168 /* Main */,
				55B98C1127E8859C0057F168 /* Progress */,
				55B98BFE27E83F0E0057F168 /* Auth */,
				55B98C1B27E8BCD20057F168 /* PageRouter.swift */,
			);
			path = page;
			sourceTree = "<group>";
		};
		55B98BFE27E83F0E0057F168 /* Auth */ = {
			isa = PBXGroup;
			children = (
				55B98C0027E83F260057F168 /* LoginView.swift */,
				55B98C1D27E8BF4C0057F168 /* RegisterView.swift */,
			);
			path = Auth;
			sourceTree = "<group>";
		};
		55B98C0227E8579D0057F168 /* repository */ = {
			isa = PBXGroup;
			children = (
				29C4C03127EDDDF40048D405 /* Post */,
				55B98C3927EAA13F0057F168 /* Studion */,
				55B98C0827E85A5E0057F168 /* SocketIO */,
				55B98C0327E857AB0057F168 /* User */,
				55B98C0627E85A460057F168 /* JWTToken.swift */,
				55B98C0F27E85B950057F168 /* UserInfo.swift */,
				55B98C3727EA9C6B0057F168 /* ServerAdress.swift */,
			);
			path = repository;
			sourceTree = "<group>";
		};
		55B98C0327E857AB0057F168 /* User */ = {
			isa = PBXGroup;
			children = (
				55B98C0427E857CA0057F168 /* AuthController.swift */,
			);
			path = User;
			sourceTree = "<group>";
		};
		55B98C0827E85A5E0057F168 /* SocketIO */ = {
			isa = PBXGroup;
			children = (
				55B98C0927E85A6C0057F168 /* SocketIO.swift */,
			);
			path = SocketIO;
			sourceTree = "<group>";
		};
		55B98C0B27E85AC30057F168 /* struct */ = {
			isa = PBXGroup;
			children = (
				29C4C03627EF612C0048D405 /* Post */,
				55B98C3127E9EC270057F168 /* Studion */,
				55B98C0C27E85AFD0057F168 /* User */,
			);
			path = struct;
			sourceTree = "<group>";
		};
		55B98C0C27E85AFD0057F168 /* User */ = {
			isa = PBXGroup;
			children = (
				55B98C0D27E85B090057F168 /* AuthCodableStruct.swift */,
			);
			path = User;
			sourceTree = "<group>";
		};
		55B98C1127E8859C0057F168 /* Progress */ = {
			isa = PBXGroup;
			children = (
				55B98C1527E885D60057F168 /* ProgressViewBar.swift */,
				55B98C1727E8895D0057F168 /* ProgressView.swift */,
				55B98C1927E88B7F0057F168 /* SplashScreen.swift */,
			);
			path = Progress;
			sourceTree = "<group>";
		};
		55B98C1F27E965CB0057F168 /* Main */ = {
			isa = PBXGroup;
			children = (
				55B98C2027E965DA0057F168 /* MainView.swift */,
			);
			path = Main;
			sourceTree = "<group>";
		};
		55B98C2227E969FA0057F168 /* Post */ = {
			isa = PBXGroup;
			children = (
				55B98C2327E96A0A0057F168 /* PostView.swift */,
				29C4C03427EDE2150048D405 /* CreateView.swift */,
				2992C4E327FDB465008EFFCA /* NavigationBar.swift */,
				2992C4E527FDB489008EFFCA /* SearchView.swift */,
				2992C4E727FDB4B4008EFFCA /* PostCard.swift */,
			);
			path = Post;
			sourceTree = "<group>";
		};
		55B98C2527E96F270057F168 /* Setting */ = {
			isa = PBXGroup;
			children = (
				55B98C2627E96F340057F168 /* SettingView.swift */,
			);
			path = Setting;
			sourceTree = "<group>";
		};
		55B98C2827E96F420057F168 /* Chat */ = {
			isa = PBXGroup;
			children = (
				55B98C2A27E96F5E0057F168 /* Room */,
				55B98C2927E96F500057F168 /* RoomList */,
			);
			path = Chat;
			sourceTree = "<group>";
		};
		55B98C2927E96F500057F168 /* RoomList */ = {
			isa = PBXGroup;
			children = (
				55B98C2B27E96F6B0057F168 /* ChatRoomList.swift */,
			);
			path = RoomList;
			sourceTree = "<group>";
		};
		55B98C2A27E96F5E0057F168 /* Room */ = {
			isa = PBXGroup;
			children = (
			);
			path = Room;
			sourceTree = "<group>";
		};
		55B98C2D27E96F8D0057F168 /* Studion */ = {
			isa = PBXGroup;
			children = (
				55B98C4527EAEE4F0057F168 /* Room */,
				55B98C2E27E96F980057F168 /* RoomList */,
			);
			path = Studion;
			sourceTree = "<group>";
		};
		55B98C2E27E96F980057F168 /* RoomList */ = {
			isa = PBXGroup;
			children = (
				55B98C2F27E96FA40057F168 /* StudionRoomList.swift */,
				55B98C3527EA98E40057F168 /* RoomCardView.swift */,
				55B98C3E27EABC9B0057F168 /* RoomCardModalView.swift */,
			);
			path = RoomList;
			sourceTree = "<group>";
		};
		55B98C3127E9EC270057F168 /* Studion */ = {
			isa = PBXGroup;
			children = (
				55B98C3227E9EC2F0057F168 /* Room */,
			);
			path = Studion;
			sourceTree = "<group>";
		};
		55B98C3227E9EC2F0057F168 /* Room */ = {
			isa = PBXGroup;
			children = (
				55B98C3327E9EC4C0057F168 /* RoomCodableStruct.swift */,
				55B98C4C27EBF3750057F168 /* DataChannelCodableStruct.swift */,
				55C648FB27F57B02005603A2 /* UserVolumeStruct.swift */,
			);
			path = Room;
			sourceTree = "<group>";
		};
		55B98C3927EAA13F0057F168 /* Studion */ = {
			isa = PBXGroup;
			children = (
				555E647327FD67E700C449BC /* Record */,
				55B98C4027EAEDA60057F168 /* WebRTC */,
				55B98C3A27EAA1530057F168 /* RoomListController.swift */,
			);
			path = Studion;
			sourceTree = "<group>";
		};
		55B98C4027EAEDA60057F168 /* WebRTC */ = {
			isa = PBXGroup;
			children = (
				55B98C4E27EBF5170057F168 /* Instrument */,
				55B98C4127EAEDB80057F168 /* WebRTCClient.swift */,
				555E647E280664B100C449BC /* WebRTCDictionaryController.swift */,
			);
			path = WebRTC;
			sourceTree = "<group>";
		};
		55B98C4527EAEE4F0057F168 /* Room */ = {
			isa = PBXGroup;
			children = (
				55B98C8F27EC78150057F168 /* SideBar */,
				55B98C8827EC097A0057F168 /* Instrument */,
				55B98C4327EAEE490057F168 /* RoomView.swift */,
				55B98C8627EC08070057F168 /* InstrumentControllerView.swift */,
			);
			path = Room;
			sourceTree = "<group>";
		};
		55B98C4E27EBF5170057F168 /* Instrument */ = {
			isa = PBXGroup;
			children = (
				55C648FF27FBBBEC005603A2 /* Piano */,
				55B98C6B27EBFD9A0057F168 /* Drum */,
				55B98C4F27EBF5350057F168 /* InstrumentController.swift */,
				55C648FD27F86F42005603A2 /* VolumeController.swift */,
				555E647A27FE910900C449BC /* AudioEngineController.swift */,
			);
			path = Instrument;
			sourceTree = "<group>";
		};
		55B98C6B27EBFD9A0057F168 /* Drum */ = {
			isa = PBXGroup;
			children = (
				55C648F927F467CB005603A2 /* crBig.wav */,
				55B98C7027EBFDB70057F168 /* cr.wav */,
				55B98C6C27EBFDB70057F168 /* hi.wav */,
				55B98C7827EBFDB70057F168 /* ki.wav */,
				55B98C7227EBFDB70057F168 /* rL.wav */,
				55B98C7627EBFDB70057F168 /* rS.wav */,
				55B98C7427EBFDB70057F168 /* sn.wav */,
				55B98C6F27EBFDB70057F168 /* snoff.wav */,
				55B98C7127EBFDB70057F168 /* snst.wav */,
				55B98C7327EBFDB70057F168 /* song1.mp3 */,
				55B98C7727EBFDB70057F168 /* song2.mp3 */,
				55B98C7527EBFDB70057F168 /* tom1.wav */,
				55B98C6D27EBFDB70057F168 /* tom2.wav */,
				55B98C6E27EBFDB70057F168 /* tom3.wav */,
				55420D2B27ED8A5F001A9AB4 /* DrumsController.swift */,
			);
			path = Drum;
			sourceTree = "<group>";
		};
		55B98C8827EC097A0057F168 /* Instrument */ = {
			isa = PBXGroup;
			children = (
				55B98C8927EC09890057F168 /* DrumView.swift */,
				55B98C8B27EC09950057F168 /* PianoView.swift */,
				55B98C8D27EC09A20057F168 /* GuitarView.swift */,
				555E647627FD69A400C449BC /* RecordView.swift */,
			);
			path = Instrument;
			sourceTree = "<group>";
		};
		55B98C8F27EC78150057F168 /* SideBar */ = {
			isa = PBXGroup;
			children = (
				55B98C9027EC782D0057F168 /* LeftBarView.swift */,
				55B98C9227EC78970057F168 /* CustomTabView.swift */,
			);
			path = SideBar;
			sourceTree = "<group>";
		};
		55C648FF27FBBBEC005603A2 /* Piano */ = {
			isa = PBXGroup;
			children = (
				55C6490927FBBC04005603A2 /* piano-ff-001.wav */,
				55C6492527FBBC05005603A2 /* piano-ff-002.wav */,
				55C6491027FBBC04005603A2 /* piano-ff-003.wav */,
				55C6490F27FBBC04005603A2 /* piano-ff-004.wav */,
				55C6493B27FBBC05005603A2 /* piano-ff-005.wav */,
				55C6492A27FBBC05005603A2 /* piano-ff-006.wav */,
				55C6490A27FBBC04005603A2 /* piano-ff-007.wav */,
				55C6491827FBBC04005603A2 /* piano-ff-008.wav */,
				55C6491C27FBBC04005603A2 /* piano-ff-009.wav */,
				55C6491327FBBC04005603A2 /* piano-ff-010.wav */,
				55C6491527FBBC04005603A2 /* piano-ff-011.wav */,
				55C6491427FBBC04005603A2 /* piano-ff-012.wav */,
				55C6490227FBBC04005603A2 /* piano-ff-013.wav */,
				55C6490827FBBC04005603A2 /* piano-ff-014.wav */,
				55C6493A27FBBC05005603A2 /* piano-ff-015.wav */,
				55C6490527FBBC04005603A2 /* piano-ff-016.wav */,
				55C6490327FBBC04005603A2 /* piano-ff-017.wav */,
				55C6490127FBBC04005603A2 /* piano-ff-018.wav */,
				55C6490D27FBBC04005603A2 /* piano-ff-019.wav */,
				55C6490627FBBC04005603A2 /* piano-ff-020.wav */,
				55C6490E27FBBC04005603A2 /* piano-ff-021.wav */,
				55C6492227FBBC04005603A2 /* piano-ff-022.wav */,
				55C6493827FBBC05005603A2 /* piano-ff-023.wav */,
				55C6492027FBBC04005603A2 /* piano-ff-024.wav */,
				55C6493327FBBC05005603A2 /* piano-ff-025.wav */,
				55C6491A27FBBC04005603A2 /* piano-ff-026.wav */,
				55C6493727FBBC05005603A2 /* piano-ff-027.wav */,
				55C6491927FBBC04005603A2 /* piano-ff-028.wav */,
				55C6492727FBBC05005603A2 /* piano-ff-029.wav */,
				55C6491727FBBC04005603A2 /* piano-ff-030.wav */,
				55C6490B27FBBC04005603A2 /* piano-ff-031.wav */,
				55C6493627FBBC05005603A2 /* piano-ff-032.wav */,
				55C6492B27FBBC05005603A2 /* piano-ff-033.wav */,
				55C6492D27FBBC05005603A2 /* piano-ff-034.wav */,
				55C6492F27FBBC05005603A2 /* piano-ff-035.wav */,
				55C6491D27FBBC04005603A2 /* piano-ff-036.wav */,
				55C6493C27FBBC05005603A2 /* piano-ff-037.wav */,
				55C6493127FBBC05005603A2 /* piano-ff-038.wav */,
				55C6491E27FBBC04005603A2 /* piano-ff-039.wav */,
				55C6492C27FBBC05005603A2 /* piano-ff-040.wav */,
				55C6492E27FBBC05005603A2 /* piano-ff-041.wav */,
				55C6491227FBBC04005603A2 /* piano-ff-042.wav */,
				55C6491F27FBBC04005603A2 /* piano-ff-043.wav */,
				55C6493527FBBC05005603A2 /* piano-ff-044.wav */,
				55C6493427FBBC05005603A2 /* piano-ff-045.wav */,
				55C6491B27FBBC04005603A2 /* piano-ff-046.wav */,
				55C6491127FBBC04005603A2 /* piano-ff-047.wav */,
				55C6493027FBBC05005603A2 /* piano-ff-048.wav */,
				55C6490027FBBC04005603A2 /* piano-ff-049.wav */,
				55C6492827FBBC05005603A2 /* piano-ff-050.wav */,
				55C6493927FBBC05005603A2 /* piano-ff-051.wav */,
				55C6492427FBBC05005603A2 /* piano-ff-052.wav */,
				55C6490427FBBC04005603A2 /* piano-ff-053.wav */,
				55C6490C27FBBC04005603A2 /* piano-ff-054.wav */,
				55C6491627FBBC04005603A2 /* piano-ff-055.wav */,
				55C6492127FBBC04005603A2 /* piano-ff-056.wav */,
				55C6492627FBBC05005603A2 /* piano-ff-057.wav */,
				55C6493227FBBC05005603A2 /* piano-ff-058.wav */,
				55C6492327FBBC04005603A2 /* piano-ff-059.wav */,
				55C6490727FBBC04005603A2 /* piano-ff-060.wav */,
				55C6492927FBBC05005603A2 /* piano-ff-061.wav */,
				55C6497A27FBBC24005603A2 /* PianoController.swift */,
			);
			path = Piano;
			sourceTree = "<group>";
		};
		640E38267862658A983A696A /* Pods */ = {
			isa = PBXGroup;
			children = (
				7E8C3731F8D5A9843C908CC7 /* Pods-studion_application_swiftUI.debug.xcconfig */,
				F764A19F6476AACD3B6CA653 /* Pods-studion_application_swiftUI.release.xcconfig */,
			);
			path = Pods;
			sourceTree = "<group>";
		};
		655A79E4A55B8107C07D46D9 /* Frameworks */ = {
			isa = PBXGroup;
			children = (
				577E222D83B2644BB78C7F1E /* Pods_studion_application_swiftUI.framework */,
			);
			name = Frameworks;
			sourceTree = "<group>";
		};
/* End PBXGroup section */

/* Begin PBXNativeTarget section */
		55B98BEB27E83E1D0057F168 /* studion_application_swiftUI */ = {
			isa = PBXNativeTarget;
			buildConfigurationList = 55B98BFA27E83E1D0057F168 /* Build configuration list for PBXNativeTarget "studion_application_swiftUI" */;
			buildPhases = (
				7E2F59FFEA9C174A4ECC40EA /* [CP] Check Pods Manifest.lock */,
				55B98BE827E83E1D0057F168 /* Sources */,
				55B98BE927E83E1D0057F168 /* Frameworks */,
				55B98BEA27E83E1D0057F168 /* Resources */,
				B16D459F7B6AC1E14F389BCB /* [CP] Embed Pods Frameworks */,
			);
			buildRules = (
			);
			dependencies = (
			);
			name = studion_application_swiftUI;
			productName = studion_application_swiftUI;
			productReference = 55B98BEC27E83E1D0057F168 /* studion_application_swiftUI.app */;
			productType = "com.apple.product-type.application";
		};
/* End PBXNativeTarget section */

/* Begin PBXProject section */
		55B98BE427E83E1D0057F168 /* Project object */ = {
			isa = PBXProject;
			attributes = {
				BuildIndependentTargetsInParallel = 1;
				LastSwiftUpdateCheck = 1320;
				LastUpgradeCheck = 1320;
				TargetAttributes = {
					55B98BEB27E83E1D0057F168 = {
						CreatedOnToolsVersion = 13.2.1;
					};
				};
			};
			buildConfigurationList = 55B98BE727E83E1D0057F168 /* Build configuration list for PBXProject "studion_application_swiftUI" */;
			compatibilityVersion = "Xcode 13.0";
			developmentRegion = en;
			hasScannedForEncodings = 0;
			knownRegions = (
				en,
				Base,
			);
			mainGroup = 55B98BE327E83E1D0057F168;
			productRefGroup = 55B98BED27E83E1D0057F168 /* Products */;
			projectDirPath = "";
			projectRoot = "";
			targets = (
				55B98BEB27E83E1D0057F168 /* studion_application_swiftUI */,
			);
		};
/* End PBXProject section */

/* Begin PBXResourcesBuildPhase section */
		55B98BEA27E83E1D0057F168 /* Resources */ = {
			isa = PBXResourcesBuildPhase;
			buildActionMask = 2147483647;
			files = (
				55B98C8327EBFDB70057F168 /* rS.wav in Resources */,
				55B98C7B27EBFDB70057F168 /* tom3.wav in Resources */,
				55C6495A27FBBC05005603A2 /* piano-ff-036.wav in Resources */,
				55B98C8027EBFDB70057F168 /* song1.mp3 in Resources */,
				55C6493D27FBBC05005603A2 /* piano-ff-049.wav in Resources */,
				55C6496327FBBC05005603A2 /* piano-ff-057.wav in Resources */,
				55C6495127FBBC05005603A2 /* piano-ff-012.wav in Resources */,
				55C6495B27FBBC05005603A2 /* piano-ff-039.wav in Resources */,
				55C6497927FBBC05005603A2 /* piano-ff-037.wav in Resources */,
				55C6497127FBBC05005603A2 /* piano-ff-045.wav in Resources */,
				55C6496527FBBC05005603A2 /* piano-ff-050.wav in Resources */,
				55B98C7F27EBFDB70057F168 /* rL.wav in Resources */,
				55C6496F27FBBC05005603A2 /* piano-ff-058.wav in Resources */,
				55C6494A27FBBC05005603A2 /* piano-ff-019.wav in Resources */,
				55C6494327FBBC05005603A2 /* piano-ff-020.wav in Resources */,
				55C6494027FBBC05005603A2 /* piano-ff-017.wav in Resources */,
				55C6496427FBBC05005603A2 /* piano-ff-029.wav in Resources */,
				55B98C8427EBFDB70057F168 /* song2.mp3 in Resources */,
				55B98C7C27EBFDB70057F168 /* snoff.wav in Resources */,
				55C6496927FBBC05005603A2 /* piano-ff-040.wav in Resources */,
				55C6495827FBBC05005603A2 /* piano-ff-046.wav in Resources */,
				55C6495627FBBC05005603A2 /* piano-ff-028.wav in Resources */,
				55C6496027FBBC05005603A2 /* piano-ff-059.wav in Resources */,
				55C6496E27FBBC05005603A2 /* piano-ff-038.wav in Resources */,
				55C6494827FBBC05005603A2 /* piano-ff-031.wav in Resources */,
				55B98BF727E83E1D0057F168 /* Preview Assets.xcassets in Resources */,
				55C6494B27FBBC05005603A2 /* piano-ff-021.wav in Resources */,
				55C6497427FBBC05005603A2 /* piano-ff-027.wav in Resources */,
				55C6493F27FBBC05005603A2 /* piano-ff-013.wav in Resources */,
				55C6494D27FBBC05005603A2 /* piano-ff-003.wav in Resources */,
				55C6495727FBBC05005603A2 /* piano-ff-026.wav in Resources */,
				55C6494F27FBBC05005603A2 /* piano-ff-042.wav in Resources */,
				55C6494227FBBC05005603A2 /* piano-ff-016.wav in Resources */,
				55C6494927FBBC05005603A2 /* piano-ff-054.wav in Resources */,
				55C6493E27FBBC05005603A2 /* piano-ff-018.wav in Resources */,
				55C6496A27FBBC05005603A2 /* piano-ff-034.wav in Resources */,
				55C6495427FBBC05005603A2 /* piano-ff-030.wav in Resources */,
				55C6495327FBBC05005603A2 /* piano-ff-055.wav in Resources */,
				55C6496C27FBBC05005603A2 /* piano-ff-035.wav in Resources */,
				55B98C7D27EBFDB70057F168 /* cr.wav in Resources */,
				55C6497527FBBC05005603A2 /* piano-ff-023.wav in Resources */,
				55B98C8127EBFDB70057F168 /* sn.wav in Resources */,
				55C6496B27FBBC05005603A2 /* piano-ff-041.wav in Resources */,
				55C6494527FBBC05005603A2 /* piano-ff-014.wav in Resources */,
				55C6494627FBBC05005603A2 /* piano-ff-001.wav in Resources */,
				55C6496827FBBC05005603A2 /* piano-ff-033.wav in Resources */,
				55C6497627FBBC05005603A2 /* piano-ff-051.wav in Resources */,
				55C6497827FBBC05005603A2 /* piano-ff-005.wav in Resources */,
				55B98C7E27EBFDB70057F168 /* snst.wav in Resources */,
				55C6496627FBBC05005603A2 /* piano-ff-061.wav in Resources */,
				55C6497227FBBC05005603A2 /* piano-ff-044.wav in Resources */,
				55C6495C27FBBC05005603A2 /* piano-ff-043.wav in Resources */,
				55C6497727FBBC05005603A2 /* piano-ff-015.wav in Resources */,
				55C6496127FBBC05005603A2 /* piano-ff-052.wav in Resources */,
				55C6494127FBBC05005603A2 /* piano-ff-053.wav in Resources */,
				55C6496D27FBBC05005603A2 /* piano-ff-048.wav in Resources */,
				55B98C8527EBFDB70057F168 /* ki.wav in Resources */,
				55C6495227FBBC05005603A2 /* piano-ff-011.wav in Resources */,
				55C6495027FBBC05005603A2 /* piano-ff-010.wav in Resources */,
				55B98C7927EBFDB70057F168 /* hi.wav in Resources */,
				55C6497027FBBC05005603A2 /* piano-ff-025.wav in Resources */,
				55C6495927FBBC05005603A2 /* piano-ff-009.wav in Resources */,
				55C648FA27F467CB005603A2 /* crBig.wav in Resources */,
				55C6495E27FBBC05005603A2 /* piano-ff-056.wav in Resources */,
				55B98C8227EBFDB70057F168 /* tom1.wav in Resources */,
				55C6494E27FBBC05005603A2 /* piano-ff-047.wav in Resources */,
				55C6495D27FBBC05005603A2 /* piano-ff-024.wav in Resources */,
				55C6496727FBBC05005603A2 /* piano-ff-006.wav in Resources */,
				55B98C7A27EBFDB70057F168 /* tom2.wav in Resources */,
				55B98BF427E83E1D0057F168 /* Assets.xcassets in Resources */,
				55C6494C27FBBC05005603A2 /* piano-ff-004.wav in Resources */,
				55C6495F27FBBC05005603A2 /* piano-ff-022.wav in Resources */,
				55C6494427FBBC05005603A2 /* piano-ff-060.wav in Resources */,
				55C6495527FBBC05005603A2 /* piano-ff-008.wav in Resources */,
				55C6494727FBBC05005603A2 /* piano-ff-007.wav in Resources */,
				55C6497327FBBC05005603A2 /* piano-ff-032.wav in Resources */,
				55C6496227FBBC05005603A2 /* piano-ff-002.wav in Resources */,
			);
			runOnlyForDeploymentPostprocessing = 0;
		};
/* End PBXResourcesBuildPhase section */

/* Begin PBXShellScriptBuildPhase section */
		7E2F59FFEA9C174A4ECC40EA /* [CP] Check Pods Manifest.lock */ = {
			isa = PBXShellScriptBuildPhase;
			buildActionMask = 2147483647;
			files = (
			);
			inputFileListPaths = (
			);
			inputPaths = (
				"${PODS_PODFILE_DIR_PATH}/Podfile.lock",
				"${PODS_ROOT}/Manifest.lock",
			);
			name = "[CP] Check Pods Manifest.lock";
			outputFileListPaths = (
			);
			outputPaths = (
				"$(DERIVED_FILE_DIR)/Pods-studion_application_swiftUI-checkManifestLockResult.txt",
			);
			runOnlyForDeploymentPostprocessing = 0;
			shellPath = /bin/sh;
			shellScript = "diff \"${PODS_PODFILE_DIR_PATH}/Podfile.lock\" \"${PODS_ROOT}/Manifest.lock\" > /dev/null\nif [ $? != 0 ] ; then\n    # print error to STDERR\n    echo \"error: The sandbox is not in sync with the Podfile.lock. Run 'pod install' or update your CocoaPods installation.\" >&2\n    exit 1\nfi\n# This output is used by Xcode 'outputs' to avoid re-running this script phase.\necho \"SUCCESS\" > \"${SCRIPT_OUTPUT_FILE_0}\"\n";
			showEnvVarsInLog = 0;
		};
		B16D459F7B6AC1E14F389BCB /* [CP] Embed Pods Frameworks */ = {
			isa = PBXShellScriptBuildPhase;
			buildActionMask = 2147483647;
			files = (
			);
			inputFileListPaths = (
				"${PODS_ROOT}/Target Support Files/Pods-studion_application_swiftUI/Pods-studion_application_swiftUI-frameworks-${CONFIGURATION}-input-files.xcfilelist",
			);
			name = "[CP] Embed Pods Frameworks";
			outputFileListPaths = (
				"${PODS_ROOT}/Target Support Files/Pods-studion_application_swiftUI/Pods-studion_application_swiftUI-frameworks-${CONFIGURATION}-output-files.xcfilelist",
			);
			runOnlyForDeploymentPostprocessing = 0;
			shellPath = /bin/sh;
			shellScript = "\"${PODS_ROOT}/Target Support Files/Pods-studion_application_swiftUI/Pods-studion_application_swiftUI-frameworks.sh\"\n";
			showEnvVarsInLog = 0;
		};
/* End PBXShellScriptBuildPhase section */

/* Begin PBXSourcesBuildPhase section */
		55B98BE827E83E1D0057F168 /* Sources */ = {
			isa = PBXSourcesBuildPhase;
			buildActionMask = 2147483647;
			files = (
				55B98C3B27EAA1530057F168 /* RoomListController.swift in Sources */,
				555E647527FD67F900C449BC /* RecordController.swift in Sources */,
				55B98C3F27EABC9B0057F168 /* RoomCardModalView.swift in Sources */,
				55B98C0127E83F260057F168 /* LoginView.swift in Sources */,
				55B98C9327EC78970057F168 /* CustomTabView.swift in Sources */,
				2992C4E427FDB465008EFFCA /* NavigationBar.swift in Sources */,
				55B98C2127E965DA0057F168 /* MainView.swift in Sources */,
				55B98C4D27EBF3750057F168 /* DataChannelCodableStruct.swift in Sources */,
				555E647F280664B100C449BC /* WebRTCDictionaryController.swift in Sources */,
				55B98C0527E857CA0057F168 /* AuthController.swift in Sources */,
				55C6497B27FBBC24005603A2 /* PianoController.swift in Sources */,
				55B98C3427E9EC4C0057F168 /* RoomCodableStruct.swift in Sources */,
				55B98C1E27E8BF4C0057F168 /* RegisterView.swift in Sources */,
				55C648FC27F57B02005603A2 /* UserVolumeStruct.swift in Sources */,
				55B98C0A27E85A6C0057F168 /* SocketIO.swift in Sources */,
				55C648FE27F86F42005603A2 /* VolumeController.swift in Sources */,
				55B98C2727E96F340057F168 /* SettingView.swift in Sources */,
				55B98C5027EBF5350057F168 /* InstrumentController.swift in Sources */,
				55B98C3627EA98E40057F168 /* RoomCardView.swift in Sources */,
				55B98C1A27E88B7F0057F168 /* SplashScreen.swift in Sources */,
				29C4C03327EDDE0A0048D405 /* PostController.swift in Sources */,
				55B98C9127EC782D0057F168 /* LeftBarView.swift in Sources */,
				555E647B27FE910900C449BC /* AudioEngineController.swift in Sources */,
				55B98C3827EA9C6B0057F168 /* ServerAdress.swift in Sources */,
				55B98C2C27E96F6B0057F168 /* ChatRoomList.swift in Sources */,
				55B98C8727EC08070057F168 /* InstrumentControllerView.swift in Sources */,
				55B98C4227EAEDB80057F168 /* WebRTCClient.swift in Sources */,
				55B98C0727E85A460057F168 /* JWTToken.swift in Sources */,
				555E647727FD69A400C449BC /* RecordView.swift in Sources */,
				55B98C3027E96FA40057F168 /* StudionRoomList.swift in Sources */,
				55B98C1027E85B950057F168 /* UserInfo.swift in Sources */,
				2992C4E827FDB4B4008EFFCA /* PostCard.swift in Sources */,
				55B98C0E27E85B090057F168 /* AuthCodableStruct.swift in Sources */,
				55B98C8A27EC09890057F168 /* DrumView.swift in Sources */,
				55B98C8C27EC09950057F168 /* PianoView.swift in Sources */,
				29C4C03827EF61460048D405 /* PostCodableStruct.swift in Sources */,
				29C4C03527EDE2150048D405 /* CreateView.swift in Sources */,
				2992C4E627FDB489008EFFCA /* SearchView.swift in Sources */,
				55B98BF227E83E1D0057F168 /* ContentView.swift in Sources */,
				55B98C1827E8895D0057F168 /* ProgressView.swift in Sources */,
				55B98C1C27E8BCD20057F168 /* PageRouter.swift in Sources */,
				55B98BF027E83E1D0057F168 /* studion_application_swiftUIApp.swift in Sources */,
				55B98C4427EAEE490057F168 /* RoomView.swift in Sources */,
				55B98C2427E96A0A0057F168 /* PostView.swift in Sources */,
				55B98C1627E885D60057F168 /* ProgressViewBar.swift in Sources */,
				55B98C8E27EC09A20057F168 /* GuitarView.swift in Sources */,
				55420D2C27ED8A5F001A9AB4 /* DrumsController.swift in Sources */,
			);
			runOnlyForDeploymentPostprocessing = 0;
		};
/* End PBXSourcesBuildPhase section */

/* Begin XCBuildConfiguration section */
		55B98BF827E83E1D0057F168 /* Debug */ = {
			isa = XCBuildConfiguration;
			buildSettings = {
				ALWAYS_SEARCH_USER_PATHS = NO;
				CLANG_ANALYZER_NONNULL = YES;
				CLANG_ANALYZER_NUMBER_OBJECT_CONVERSION = YES_AGGRESSIVE;
				CLANG_CXX_LANGUAGE_STANDARD = "gnu++17";
				CLANG_CXX_LIBRARY = "libc++";
				CLANG_ENABLE_MODULES = YES;
				CLANG_ENABLE_OBJC_ARC = YES;
				CLANG_ENABLE_OBJC_WEAK = YES;
				CLANG_WARN_BLOCK_CAPTURE_AUTORELEASING = YES;
				CLANG_WARN_BOOL_CONVERSION = YES;
				CLANG_WARN_COMMA = YES;
				CLANG_WARN_CONSTANT_CONVERSION = YES;
				CLANG_WARN_DEPRECATED_OBJC_IMPLEMENTATIONS = YES;
				CLANG_WARN_DIRECT_OBJC_ISA_USAGE = YES_ERROR;
				CLANG_WARN_DOCUMENTATION_COMMENTS = YES;
				CLANG_WARN_EMPTY_BODY = YES;
				CLANG_WARN_ENUM_CONVERSION = YES;
				CLANG_WARN_INFINITE_RECURSION = YES;
				CLANG_WARN_INT_CONVERSION = YES;
				CLANG_WARN_NON_LITERAL_NULL_CONVERSION = YES;
				CLANG_WARN_OBJC_IMPLICIT_RETAIN_SELF = YES;
				CLANG_WARN_OBJC_LITERAL_CONVERSION = YES;
				CLANG_WARN_OBJC_ROOT_CLASS = YES_ERROR;
				CLANG_WARN_QUOTED_INCLUDE_IN_FRAMEWORK_HEADER = YES;
				CLANG_WARN_RANGE_LOOP_ANALYSIS = YES;
				CLANG_WARN_STRICT_PROTOTYPES = YES;
				CLANG_WARN_SUSPICIOUS_MOVE = YES;
				CLANG_WARN_UNGUARDED_AVAILABILITY = YES_AGGRESSIVE;
				CLANG_WARN_UNREACHABLE_CODE = YES;
				CLANG_WARN__DUPLICATE_METHOD_MATCH = YES;
				COPY_PHASE_STRIP = NO;
				DEBUG_INFORMATION_FORMAT = dwarf;
				ENABLE_STRICT_OBJC_MSGSEND = YES;
				ENABLE_TESTABILITY = YES;
				GCC_C_LANGUAGE_STANDARD = gnu11;
				GCC_DYNAMIC_NO_PIC = NO;
				GCC_NO_COMMON_BLOCKS = YES;
				GCC_OPTIMIZATION_LEVEL = 0;
				GCC_PREPROCESSOR_DEFINITIONS = (
					"DEBUG=1",
					"$(inherited)",
				);
				GCC_WARN_64_TO_32_BIT_CONVERSION = YES;
				GCC_WARN_ABOUT_RETURN_TYPE = YES_ERROR;
				GCC_WARN_UNDECLARED_SELECTOR = YES;
				GCC_WARN_UNINITIALIZED_AUTOS = YES_AGGRESSIVE;
				GCC_WARN_UNUSED_FUNCTION = YES;
				GCC_WARN_UNUSED_VARIABLE = YES;
				IPHONEOS_DEPLOYMENT_TARGET = 15.2;
				MTL_ENABLE_DEBUG_INFO = INCLUDE_SOURCE;
				MTL_FAST_MATH = YES;
				ONLY_ACTIVE_ARCH = YES;
				SDKROOT = iphoneos;
				SWIFT_ACTIVE_COMPILATION_CONDITIONS = DEBUG;
				SWIFT_OPTIMIZATION_LEVEL = "-Onone";
			};
			name = Debug;
		};
		55B98BF927E83E1D0057F168 /* Release */ = {
			isa = XCBuildConfiguration;
			buildSettings = {
				ALWAYS_SEARCH_USER_PATHS = NO;
				CLANG_ANALYZER_NONNULL = YES;
				CLANG_ANALYZER_NUMBER_OBJECT_CONVERSION = YES_AGGRESSIVE;
				CLANG_CXX_LANGUAGE_STANDARD = "gnu++17";
				CLANG_CXX_LIBRARY = "libc++";
				CLANG_ENABLE_MODULES = YES;
				CLANG_ENABLE_OBJC_ARC = YES;
				CLANG_ENABLE_OBJC_WEAK = YES;
				CLANG_WARN_BLOCK_CAPTURE_AUTORELEASING = YES;
				CLANG_WARN_BOOL_CONVERSION = YES;
				CLANG_WARN_COMMA = YES;
				CLANG_WARN_CONSTANT_CONVERSION = YES;
				CLANG_WARN_DEPRECATED_OBJC_IMPLEMENTATIONS = YES;
				CLANG_WARN_DIRECT_OBJC_ISA_USAGE = YES_ERROR;
				CLANG_WARN_DOCUMENTATION_COMMENTS = YES;
				CLANG_WARN_EMPTY_BODY = YES;
				CLANG_WARN_ENUM_CONVERSION = YES;
				CLANG_WARN_INFINITE_RECURSION = YES;
				CLANG_WARN_INT_CONVERSION = YES;
				CLANG_WARN_NON_LITERAL_NULL_CONVERSION = YES;
				CLANG_WARN_OBJC_IMPLICIT_RETAIN_SELF = YES;
				CLANG_WARN_OBJC_LITERAL_CONVERSION = YES;
				CLANG_WARN_OBJC_ROOT_CLASS = YES_ERROR;
				CLANG_WARN_QUOTED_INCLUDE_IN_FRAMEWORK_HEADER = YES;
				CLANG_WARN_RANGE_LOOP_ANALYSIS = YES;
				CLANG_WARN_STRICT_PROTOTYPES = YES;
				CLANG_WARN_SUSPICIOUS_MOVE = YES;
				CLANG_WARN_UNGUARDED_AVAILABILITY = YES_AGGRESSIVE;
				CLANG_WARN_UNREACHABLE_CODE = YES;
				CLANG_WARN__DUPLICATE_METHOD_MATCH = YES;
				COPY_PHASE_STRIP = NO;
				DEBUG_INFORMATION_FORMAT = "dwarf-with-dsym";
				ENABLE_NS_ASSERTIONS = NO;
				ENABLE_STRICT_OBJC_MSGSEND = YES;
				GCC_C_LANGUAGE_STANDARD = gnu11;
				GCC_NO_COMMON_BLOCKS = YES;
				GCC_WARN_64_TO_32_BIT_CONVERSION = YES;
				GCC_WARN_ABOUT_RETURN_TYPE = YES_ERROR;
				GCC_WARN_UNDECLARED_SELECTOR = YES;
				GCC_WARN_UNINITIALIZED_AUTOS = YES_AGGRESSIVE;
				GCC_WARN_UNUSED_FUNCTION = YES;
				GCC_WARN_UNUSED_VARIABLE = YES;
				IPHONEOS_DEPLOYMENT_TARGET = 15.2;
				MTL_ENABLE_DEBUG_INFO = NO;
				MTL_FAST_MATH = YES;
				SDKROOT = iphoneos;
				SWIFT_COMPILATION_MODE = wholemodule;
				SWIFT_OPTIMIZATION_LEVEL = "-O";
				VALIDATE_PRODUCT = YES;
			};
			name = Release;
		};
		55B98BFB27E83E1D0057F168 /* Debug */ = {
			isa = XCBuildConfiguration;
			baseConfigurationReference = 7E8C3731F8D5A9843C908CC7 /* Pods-studion_application_swiftUI.debug.xcconfig */;
			buildSettings = {
				ASSETCATALOG_COMPILER_APPICON_NAME = AppIcon;
				ASSETCATALOG_COMPILER_GLOBAL_ACCENT_COLOR_NAME = AccentColor;
				CODE_SIGN_STYLE = Automatic;
				CURRENT_PROJECT_VERSION = 1;
				DEVELOPMENT_ASSET_PATHS = "\"studion_application_swiftUI/Preview Content\"";
				DEVELOPMENT_TEAM = 49C98WAKUL;
				ENABLE_BITCODE = NO;
				ENABLE_PREVIEWS = YES;
				GENERATE_INFOPLIST_FILE = YES;
				INFOPLIST_FILE = "studion-application-swiftUI-Info.plist";
				INFOPLIST_KEY_NSMicrophoneUsageDescription = "일단 허용해";
				INFOPLIST_KEY_UIApplicationSceneManifest_Generation = YES;
				INFOPLIST_KEY_UIApplicationSupportsIndirectInputEvents = YES;
				INFOPLIST_KEY_UILaunchScreen_Generation = YES;
				INFOPLIST_KEY_UISupportedInterfaceOrientations = "";
				INFOPLIST_KEY_UISupportedInterfaceOrientations_iPad = "UIInterfaceOrientationPortrait UIInterfaceOrientationPortraitUpsideDown UIInterfaceOrientationLandscapeLeft UIInterfaceOrientationLandscapeRight";
				INFOPLIST_KEY_UISupportedInterfaceOrientations_iPhone = "UIInterfaceOrientationPortrait UIInterfaceOrientationLandscapeLeft UIInterfaceOrientationLandscapeRight";
				INFOPLIST_KEY_UIUserInterfaceStyle = Light;
				LD_RUNPATH_SEARCH_PATHS = (
					"$(inherited)",
					"@executable_path/Frameworks",
				);
				MARKETING_VERSION = 1.0;
				PRODUCT_BUNDLE_IDENTIFIER = "studion.studion-application-swiftUI";
				PRODUCT_NAME = "$(TARGET_NAME)";
				SWIFT_EMIT_LOC_STRINGS = YES;
				SWIFT_VERSION = 5.0;
				TARGETED_DEVICE_FAMILY = "1,2";
			};
			name = Debug;
		};
		55B98BFC27E83E1D0057F168 /* Release */ = {
			isa = XCBuildConfiguration;
			baseConfigurationReference = F764A19F6476AACD3B6CA653 /* Pods-studion_application_swiftUI.release.xcconfig */;
			buildSettings = {
				ASSETCATALOG_COMPILER_APPICON_NAME = AppIcon;
				ASSETCATALOG_COMPILER_GLOBAL_ACCENT_COLOR_NAME = AccentColor;
				CODE_SIGN_STYLE = Automatic;
				CURRENT_PROJECT_VERSION = 1;
				DEVELOPMENT_ASSET_PATHS = "\"studion_application_swiftUI/Preview Content\"";
				DEVELOPMENT_TEAM = 49C98WAKUL;
				ENABLE_BITCODE = NO;
				ENABLE_PREVIEWS = YES;
				GENERATE_INFOPLIST_FILE = YES;
				INFOPLIST_FILE = "studion-application-swiftUI-Info.plist";
				INFOPLIST_KEY_NSMicrophoneUsageDescription = "일단 허용해";
				INFOPLIST_KEY_UIApplicationSceneManifest_Generation = YES;
				INFOPLIST_KEY_UIApplicationSupportsIndirectInputEvents = YES;
				INFOPLIST_KEY_UILaunchScreen_Generation = YES;
				INFOPLIST_KEY_UISupportedInterfaceOrientations = "";
				INFOPLIST_KEY_UISupportedInterfaceOrientations_iPad = "UIInterfaceOrientationPortrait UIInterfaceOrientationPortraitUpsideDown UIInterfaceOrientationLandscapeLeft UIInterfaceOrientationLandscapeRight";
				INFOPLIST_KEY_UISupportedInterfaceOrientations_iPhone = "UIInterfaceOrientationPortrait UIInterfaceOrientationLandscapeLeft UIInterfaceOrientationLandscapeRight";
				INFOPLIST_KEY_UIUserInterfaceStyle = Light;
				LD_RUNPATH_SEARCH_PATHS = (
					"$(inherited)",
					"@executable_path/Frameworks",
				);
				MARKETING_VERSION = 1.0;
				PRODUCT_BUNDLE_IDENTIFIER = "studion.studion-application-swiftUI";
				PRODUCT_NAME = "$(TARGET_NAME)";
				SWIFT_EMIT_LOC_STRINGS = YES;
				SWIFT_VERSION = 5.0;
				TARGETED_DEVICE_FAMILY = "1,2";
			};
			name = Release;
		};
/* End XCBuildConfiguration section */

/* Begin XCConfigurationList section */
		55B98BE727E83E1D0057F168 /* Build configuration list for PBXProject "studion_application_swiftUI" */ = {
			isa = XCConfigurationList;
			buildConfigurations = (
				55B98BF827E83E1D0057F168 /* Debug */,
				55B98BF927E83E1D0057F168 /* Release */,
			);
			defaultConfigurationIsVisible = 0;
			defaultConfigurationName = Release;
		};
		55B98BFA27E83E1D0057F168 /* Build configuration list for PBXNativeTarget "studion_application_swiftUI" */ = {
			isa = XCConfigurationList;
			buildConfigurations = (
				55B98BFB27E83E1D0057F168 /* Debug */,
				55B98BFC27E83E1D0057F168 /* Release */,
			);
			defaultConfigurationIsVisible = 0;
			defaultConfigurationName = Release;
		};
/* End XCConfigurationList section */
	};
	rootObject = 55B98BE427E83E1D0057F168 /* Project object */;
}
