PODS:
  - Alamofire (5.5.0)
  - GoogleWebRTC (1.1.31999)
  - mobile-ffmpeg-full-gpl (4.4)
  - Socket.IO-Client-Swift (15.2.0):
    - Starscream (~> 3.1)
  - Starscream (3.1.1)
  - URLImage (2.2.5):
    - URLImage/Common (= 2.2.5)
    - URLImage/DownloadManager (= 2.2.5)
    - URLImage/FileIndex (= 2.2.5)
    - URLImage/ImageDecoder (= 2.2.5)
    - URLImage/Log (= 2.2.5)
    - URLImage/PlainDatabase (= 2.2.5)
    - URLImage/RemoteContentView (= 2.2.5)
  - URLImage/Common (2.2.5)
  - URLImage/DownloadManager (2.2.5):
    - URLImage/Log
  - URLImage/FileIndex (2.2.5):
    - URLImage/Common
    - URLImage/Log
    - URLImage/PlainDatabase
  - URLImage/ImageDecoder (2.2.5)
  - URLImage/Log (2.2.5)
  - URLImage/PlainDatabase (2.2.5)
  - URLImage/RemoteContentView (2.2.5)

DEPENDENCIES:
  - Alamofire
  - GoogleWebRTC
  - mobile-ffmpeg-full-gpl
  - Socket.IO-Client-Swift (~> 15.2.0)
  - URLImage

SPEC REPOS:
  trunk:
    - Alamofire
    - GoogleWebRTC
    - mobile-ffmpeg-full-gpl
    - Socket.IO-Client-Swift
    - Starscream
    - URLImage

SPEC CHECKSUMS:
  Alamofire: 1c4fb5369c3fe93d2857c780d8bbe09f06f97e7c
  GoogleWebRTC: b39a78c4f5cc6b0323415b9233db03a2faa7b0f0
  mobile-ffmpeg-full-gpl: 77de728206f08f30c70f530b18abb4e8f6413eb6
  Socket.IO-Client-Swift: 1e3e3a1f09f3312a167f0d781eb2f383d477357c
  Starscream: 4bb2f9942274833f7b4d296a55504dcfc7edb7b0
  URLImage: 36a66c03ba2a9ccbbf06bc83431f2cef171008e8

PODFILE CHECKSUM: 3c1e027445989bcfaf7946b24dc916d0cc59c66d

COCOAPODS: 1.11.3
