{
  "pins" : [
    {
      "identity" : "alerttoast",
      "kind" : "remoteSourceControl",
      "location" : "https://github.com/elai950/AlertToast.git",
      "state" : {
        "branch" : "master",
        "revision" : "6f0c1da59221ff337ebab856e13c7fcd26f9a426"
      }
    },
    {
      "identity" : "audiokit",
      "kind" : "remoteSourceControl",
      "location" : "https://github.com/AudioKit/AudioKit.git",
      "state" : {
        "revision" : "e7f37266dc9200f04a2646b108acae98c87f8e46",
        "version" : "5.4.1"
      }
    },
    {
      "identity" : "audiokitui",
      "kind" : "remoteSourceControl",
      "location" : "https://github.com/AudioKit/AudioKitUI",
      "state" : {
        "revision" : "a99b5e480e8a32e764142f36f7240c54d7b694cc",
        "version" : "0.1.5"
      }
    },
    {
      "identity" : "waveform",
      "kind" : "remoteSourceControl",
      "location" : "https://github.com/pixlwave/Waveform",
      "state" : {
        "branch" : "main",
        "revision" : "f8c7066bbdd08db84817e8be9b19534b03fdd913"
      }
    }
  ],
  "version" : 2
}
